// !$*UTF8*$!
{
	archiveVersion = 1;
	classes = {
	};
	objectVersion = 46;
	objects = {

/* Begin PBXBuildFile section */
		012582B81D91F2EA002C4E93 /* AWRAppCoordinator.m in Sources */ = {isa = PBXBuildFile; fileRef = 012582B71D91F2EA002C4E93 /* AWRAppCoordinator.m */; };
		013784DE1DEE2A86006EC13E /* AWRTwitterViewController.m in Sources */ = {isa = PBXBuildFile; fileRef = 013784DD1DEE2A86006EC13E /* AWRTwitterViewController.m */; };
		013784E11DEE2AC4006EC13E /* AWRTwitterView.xib in Resources */ = {isa = PBXBuildFile; fileRef = 013784E01DEE2AC4006EC13E /* AWRTwitterView.xib */; };
		01419A1A1E15E111008FDBDB /* AWRTwitterView.m in Sources */ = {isa = PBXBuildFile; fileRef = 01419A191E15E111008FDBDB /* AWRTwitterView.m */; };
		0151BAD91DC0FA4E00736A79 /* AWRMenuPanGestureRecognizer.m in Sources */ = {isa = PBXBuildFile; fileRef = 0151BAD81DC0FA4E00736A79 /* AWRMenuPanGestureRecognizer.m */; };
		016500E11DB1E79B00B32C0A /* AWRMenuView.m in Sources */ = {isa = PBXBuildFile; fileRef = 016500E01DB1E79B00B32C0A /* AWRMenuView.m */; };
		016500E51DB2D04900B32C0A /* Localizable.strings in Resources */ = {isa = PBXBuildFile; fileRef = 016500E81DB2D04900B32C0A /* Localizable.strings */; };
		016500EF1DB2EFBD00B32C0A /* Settings.bundle in Resources */ = {isa = PBXBuildFile; fileRef = 016500EE1DB2EFBD00B32C0A /* Settings.bundle */; };
		016500F21DB3374500B32C0A /* AWRAboutView.xib in Resources */ = {isa = PBXBuildFile; fileRef = 016500F11DB3374500B32C0A /* AWRAboutView.xib */; };
		016500F61DB337A100B32C0A /* AWRAboutView.m in Sources */ = {isa = PBXBuildFile; fileRef = 016500F51DB337A100B32C0A /* AWRAboutView.m */; };
		016500FA1DB3383700B32C0A /* AWRAboutController.m in Sources */ = {isa = PBXBuildFile; fileRef = 016500F91DB3383700B32C0A /* AWRAboutController.m */; };
		016501021DB3516400B32C0A /* AWRColorToolkit.m in Sources */ = {isa = PBXBuildFile; fileRef = 016501011DB3516400B32C0A /* AWRColorToolkit.m */; };
		0181E7DC1D8C905B008E21C5 /* main.m in Sources */ = {isa = PBXBuildFile; fileRef = 0181E7DB1D8C905B008E21C5 /* main.m */; };
		0181E7DF1D8C905B008E21C5 /* AppDelegate.m in Sources */ = {isa = PBXBuildFile; fileRef = 0181E7DE1D8C905B008E21C5 /* AppDelegate.m */; };
		0181E7E71D8C905B008E21C5 /* Assets.xcassets in Resources */ = {isa = PBXBuildFile; fileRef = 0181E7E61D8C905B008E21C5 /* Assets.xcassets */; };
		0181E7F91D8C9663008E21C5 /* SplashView.xib in Resources */ = {isa = PBXBuildFile; fileRef = 0181E7F81D8C9663008E21C5 /* SplashView.xib */; };
		0181E7FE1D8C9EB1008E21C5 /* Fabric.framework in Frameworks */ = {isa = PBXBuildFile; fileRef = 0181E7FC1D8C9EB1008E21C5 /* Fabric.framework */; };
		0181E7FF1D8C9EB1008E21C5 /* Crashlytics.framework in Frameworks */ = {isa = PBXBuildFile; fileRef = 0181E7FD1D8C9EB1008E21C5 /* Crashlytics.framework */; };
		0181E8021D8CADE8008E21C5 /* Bolts.framework in Frameworks */ = {isa = PBXBuildFile; fileRef = 0181E8001D8CADE8008E21C5 /* Bolts.framework */; };
		0181E8031D8CADE8008E21C5 /* Parse.framework in Frameworks */ = {isa = PBXBuildFile; fileRef = 0181E8011D8CADE8008E21C5 /* Parse.framework */; };
		0181E8091D8CB0ED008E21C5 /* AWRConstants.m in Sources */ = {isa = PBXBuildFile; fileRef = 0181E8071D8CB0ED008E21C5 /* AWRConstants.m */; };
		0181E8181D8CB14D008E21C5 /* AWRArcanosMediaPlayer.m in Sources */ = {isa = PBXBuildFile; fileRef = 0181E8171D8CB14D008E21C5 /* AWRArcanosMediaPlayer.m */; };
		0181E8331D8CB177008E21C5 /* AWRNowPlayingView.xib in Resources */ = {isa = PBXBuildFile; fileRef = 0181E8301D8CB177008E21C5 /* AWRNowPlayingView.xib */; };
		0181E8341D8CB177008E21C5 /* AWRNowPlayingView.m in Sources */ = {isa = PBXBuildFile; fileRef = 0181E8321D8CB177008E21C5 /* AWRNowPlayingView.m */; };
		018E2CC51DBC1CF50035455B /* AWRViewController.m in Sources */ = {isa = PBXBuildFile; fileRef = 018E2CC41DBC1CF50035455B /* AWRViewController.m */; };
		018E2CD61DBC31130035455B /* genLicense.pl in Resources */ = {isa = PBXBuildFile; fileRef = 018E2CD21DBC31130035455B /* genLicense.pl */; };
		018E2CE21DBC376A0035455B /* Acknowledgements.plist in Resources */ = {isa = PBXBuildFile; fileRef = 018E2CE11DBC376A0035455B /* Acknowledgements.plist */; };
		018E2CEC1DBC70D90035455B /* AWRDeveloperInfoTableViewCell.xib in Resources */ = {isa = PBXBuildFile; fileRef = 018E2CEB1DBC70D90035455B /* AWRDeveloperInfoTableViewCell.xib */; };
		018E2CF01DBC720A0035455B /* AWRDeveloperInfoTableViewCell.m in Sources */ = {isa = PBXBuildFile; fileRef = 018E2CEF1DBC720A0035455B /* AWRDeveloperInfoTableViewCell.m */; };
		018E2CFB1DBC7DBC0035455B /* AWRAppLinkInfoTableViewCell.xib in Resources */ = {isa = PBXBuildFile; fileRef = 018E2CFA1DBC7DBC0035455B /* AWRAppLinkInfoTableViewCell.xib */; };
		018E2CFF1DBC7DD00035455B /* AWRAppLinkInfoTableViewCell.m in Sources */ = {isa = PBXBuildFile; fileRef = 018E2CFE1DBC7DD00035455B /* AWRAppLinkInfoTableViewCell.m */; };
		018E2D021DBCCD950035455B /* AWRLicenseView.xib in Resources */ = {isa = PBXBuildFile; fileRef = 018E2D011DBCCD950035455B /* AWRLicenseView.xib */; };
		018E2D061DBCCF220035455B /* AWRLicenseView.m in Sources */ = {isa = PBXBuildFile; fileRef = 018E2D051DBCCF220035455B /* AWRLicenseView.m */; };
		018E2D0E1DBCD8670035455B /* AWRLicenseController.m in Sources */ = {isa = PBXBuildFile; fileRef = 018E2D0D1DBCD8670035455B /* AWRLicenseController.m */; };
		018E2D121DBD00F00035455B /* AWRHelpCoordinator.m in Sources */ = {isa = PBXBuildFile; fileRef = 018E2D111DBD00F00035455B /* AWRHelpCoordinator.m */; };
		018E2D151DBD48960035455B /* AWRVersionTableViewCell.xib in Resources */ = {isa = PBXBuildFile; fileRef = 018E2D141DBD48960035455B /* AWRVersionTableViewCell.xib */; };
		018E2D191DBD48B30035455B /* AWRVersionTableViewCell.m in Sources */ = {isa = PBXBuildFile; fileRef = 018E2D181DBD48B30035455B /* AWRVersionTableViewCell.m */; };
		01D2BD0C1D9B00D900632C08 /* QuartzCore.framework in Frameworks */ = {isa = PBXBuildFile; fileRef = 01D2BD0B1D9B00D900632C08 /* QuartzCore.framework */; };
		01DBE4981D8CB2C4003B2100 /* AWRNowPlayingController.m in Sources */ = {isa = PBXBuildFile; fileRef = 01DBE4941D8CB2C4003B2100 /* AWRNowPlayingController.m */; };
		01DBE4991D8CB2C4003B2100 /* AWRNowPlayingCoordinator.m in Sources */ = {isa = PBXBuildFile; fileRef = 01DBE4951D8CB2C4003B2100 /* AWRNowPlayingCoordinator.m */; };
		01DD772A1DE985EB006E82B3 /* AWRCrashReportController.m in Sources */ = {isa = PBXBuildFile; fileRef = 01DD77291DE985EB006E82B3 /* AWRCrashReportController.m */; };
		01DD772E1DE992BB006E82B3 /* AWRShareViewController.m in Sources */ = {isa = PBXBuildFile; fileRef = 01DD772D1DE992BB006E82B3 /* AWRShareViewController.m */; };
		01DD77321DE997DF006E82B3 /* AWRControlCenterController.m in Sources */ = {isa = PBXBuildFile; fileRef = 01DD77311DE997DF006E82B3 /* AWRControlCenterController.m */; };
		01DD773D1DEA5D83006E82B3 /* NSArray+Functional.m in Sources */ = {isa = PBXBuildFile; fileRef = 01DD773C1DEA5D83006E82B3 /* NSArray+Functional.m */; };
		01DE2E801D95FCA3003E604E /* FXBlurView.m in Sources */ = {isa = PBXBuildFile; fileRef = 01DE2E7F1D95FCA3003E604E /* FXBlurView.m */; };
		01DE2E821D9601C1003E604E /* Accelerate.framework in Frameworks */ = {isa = PBXBuildFile; fileRef = 01DE2E811D9601C1003E604E /* Accelerate.framework */; };
		01FB39341DAC592B00EBC99D /* AWRNowPlayingHeaderView.xib in Resources */ = {isa = PBXBuildFile; fileRef = 01FB39331DAC592B00EBC99D /* AWRNowPlayingHeaderView.xib */; };
		01FB39381DAC596800EBC99D /* AWRNowPlayingHeaderView.m in Sources */ = {isa = PBXBuildFile; fileRef = 01FB39371DAC596800EBC99D /* AWRNowPlayingHeaderView.m */; };
		01FB393C1DAC607A00EBC99D /* AWRMergeImageView.m in Sources */ = {isa = PBXBuildFile; fileRef = 01FB393B1DAC607A00EBC99D /* AWRMergeImageView.m */; };
		01FB39401DACABC000EBC99D /* UIView+Utils.m in Sources */ = {isa = PBXBuildFile; fileRef = 01FB393F1DACABC000EBC99D /* UIView+Utils.m */; };
		01FB39441DACB9D600EBC99D /* UIImage+Resize.m in Sources */ = {isa = PBXBuildFile; fileRef = 01FB39431DACB9D600EBC99D /* UIImage+Resize.m */; };
		01FB39481DACC7BA00EBC99D /* AWRAvatarImageView.m in Sources */ = {isa = PBXBuildFile; fileRef = 01FB39471DACC7BA00EBC99D /* AWRAvatarImageView.m */; };
		D5018F7A1F0EC26900C7F7D1 /* Bolts.framework in Frameworks */ = {isa = PBXBuildFile; fileRef = 0181E8001D8CADE8008E21C5 /* Bolts.framework */; };
		D5018F7B1F0EC26900C7F7D1 /* Parse.framework in Frameworks */ = {isa = PBXBuildFile; fileRef = 0181E8011D8CADE8008E21C5 /* Parse.framework */; };
		D5018F861F0EC37600C7F7D1 /* AWRArtistParse.h in Headers */ = {isa = PBXBuildFile; fileRef = D5018F7E1F0EC37600C7F7D1 /* AWRArtistParse.h */; settings = {ATTRIBUTES = (Public, ); }; };
		D5018F871F0EC37600C7F7D1 /* AWRArtistParse.m in Sources */ = {isa = PBXBuildFile; fileRef = D5018F7F1F0EC37600C7F7D1 /* AWRArtistParse.m */; };
		D5018F881F0EC37600C7F7D1 /* AWRPlaylistParse.h in Headers */ = {isa = PBXBuildFile; fileRef = D5018F801F0EC37600C7F7D1 /* AWRPlaylistParse.h */; settings = {ATTRIBUTES = (Public, ); }; };
		D5018F891F0EC37600C7F7D1 /* AWRPlaylistParse.m in Sources */ = {isa = PBXBuildFile; fileRef = D5018F811F0EC37600C7F7D1 /* AWRPlaylistParse.m */; };
		D5018F8A1F0EC37600C7F7D1 /* AWRSongParse.h in Headers */ = {isa = PBXBuildFile; fileRef = D5018F821F0EC37600C7F7D1 /* AWRSongParse.h */; settings = {ATTRIBUTES = (Public, ); }; };
		D5018F8B1F0EC37600C7F7D1 /* AWRSongParse.m in Sources */ = {isa = PBXBuildFile; fileRef = D5018F831F0EC37600C7F7D1 /* AWRSongParse.m */; };
		D5018F8C1F0EC37600C7F7D1 /* PFFile+AWRFile.h in Headers */ = {isa = PBXBuildFile; fileRef = D5018F841F0EC37600C7F7D1 /* PFFile+AWRFile.h */; settings = {ATTRIBUTES = (Public, ); }; };
		D5018F8D1F0EC37600C7F7D1 /* PFFile+AWRFile.m in Sources */ = {isa = PBXBuildFile; fileRef = D5018F851F0EC37600C7F7D1 /* PFFile+AWRFile.m */; };
		D5018F911F0EC5AA00C7F7D1 /* BFTask+IOZPromise.h in Headers */ = {isa = PBXBuildFile; fileRef = D5018F8F1F0EC5AA00C7F7D1 /* BFTask+IOZPromise.h */; };
		D5018F921F0EC5AA00C7F7D1 /* BFTask+IOZPromise.m in Sources */ = {isa = PBXBuildFile; fileRef = D5018F901F0EC5AA00C7F7D1 /* BFTask+IOZPromise.m */; };
		D5018FA11F0EC65700C7F7D1 /* AWRMetadataFactory.h in Headers */ = {isa = PBXBuildFile; fileRef = D5018F941F0EC65700C7F7D1 /* AWRMetadataFactory.h */; settings = {ATTRIBUTES = (Public, ); }; };
		D5018FA21F0EC65700C7F7D1 /* AWRMetadataFactory.m in Sources */ = {isa = PBXBuildFile; fileRef = D5018F951F0EC65700C7F7D1 /* AWRMetadataFactory.m */; };
		D5018FA31F0EC65700C7F7D1 /* AWRMetadataPoolingService.h in Headers */ = {isa = PBXBuildFile; fileRef = D5018F961F0EC65700C7F7D1 /* AWRMetadataPoolingService.h */; settings = {ATTRIBUTES = (Public, ); }; };
		D5018FA41F0EC65700C7F7D1 /* AWRMetadataPoolingService.m in Sources */ = {isa = PBXBuildFile; fileRef = D5018F971F0EC65700C7F7D1 /* AWRMetadataPoolingService.m */; };
		D5018FA51F0EC65700C7F7D1 /* AWRMetadataService.h in Headers */ = {isa = PBXBuildFile; fileRef = D5018F981F0EC65700C7F7D1 /* AWRMetadataService.h */; settings = {ATTRIBUTES = (Public, ); }; };
		D5018FA61F0EC65700C7F7D1 /* AWRMetadataServiceDelegate.h in Headers */ = {isa = PBXBuildFile; fileRef = D5018F991F0EC65700C7F7D1 /* AWRMetadataServiceDelegate.h */; settings = {ATTRIBUTES = (Public, ); }; };
		D5018FA71F0EC65700C7F7D1 /* AWRMetadataServiceMulticastDelegate.h in Headers */ = {isa = PBXBuildFile; fileRef = D5018F9A1F0EC65700C7F7D1 /* AWRMetadataServiceMulticastDelegate.h */; settings = {ATTRIBUTES = (Public, ); }; };
		D5018FA81F0EC65700C7F7D1 /* AWRMetadataServiceMulticastDelegate.m in Sources */ = {isa = PBXBuildFile; fileRef = D5018F9B1F0EC65700C7F7D1 /* AWRMetadataServiceMulticastDelegate.m */; };
		D5018FA91F0EC65700C7F7D1 /* AWRMetadataStore.h in Headers */ = {isa = PBXBuildFile; fileRef = D5018F9C1F0EC65700C7F7D1 /* AWRMetadataStore.h */; settings = {ATTRIBUTES = (Public, ); }; };
		D5018FAA1F0EC65700C7F7D1 /* AWRParseMetadataStore.h in Headers */ = {isa = PBXBuildFile; fileRef = D5018F9D1F0EC65700C7F7D1 /* AWRParseMetadataStore.h */; settings = {ATTRIBUTES = (Public, ); }; };
		D5018FAB1F0EC65700C7F7D1 /* AWRParseMetadataStore.m in Sources */ = {isa = PBXBuildFile; fileRef = D5018F9E1F0EC65700C7F7D1 /* AWRParseMetadataStore.m */; };
		D5018FAC1F0EC65700C7F7D1 /* AWRReachability.h in Headers */ = {isa = PBXBuildFile; fileRef = D5018F9F1F0EC65700C7F7D1 /* AWRReachability.h */; settings = {ATTRIBUTES = (Public, ); }; };
		D5018FAD1F0EC65700C7F7D1 /* AWRReachability.m in Sources */ = {isa = PBXBuildFile; fileRef = D5018FA01F0EC65700C7F7D1 /* AWRReachability.m */; };
		D5018FAE1F0ED2CD00C7F7D1 /* IOZPromise.framework in Frameworks */ = {isa = PBXBuildFile; fileRef = D5B676FD1F0EBAD600C62C95 /* IOZPromise.framework */; };
		D531D4B01F21478100A78658 /* ArcanosRadioScreenshot.m in Sources */ = {isa = PBXBuildFile; fileRef = D531D4AF1F21478100A78658 /* ArcanosRadioScreenshot.m */; };
		D531D4B81F214AAB00A78658 /* KIF.framework in Frameworks */ = {isa = PBXBuildFile; fileRef = D531D4B71F214AAB00A78658 /* KIF.framework */; };
		D531D4B91F214AB200A78658 /* SimulatorStatusMagiciOS.framework in Frameworks */ = {isa = PBXBuildFile; fileRef = 01673C7A1DCFAD2E000B14CE /* SimulatorStatusMagiciOS.framework */; };
		D531D4BC1F214D1400A78658 /* KIFUITestActor+EXAdditions.m in Sources */ = {isa = PBXBuildFile; fileRef = D531D4BB1F214D1400A78658 /* KIFUITestActor+EXAdditions.m */; };
		D545F0311F12DE6600462242 /* AWRScrollView.m in Sources */ = {isa = PBXBuildFile; fileRef = D545F0301F12DE6600462242 /* AWRScrollView.m */; };
		D545F0361F12E5DA00462242 /* TwitterCore.framework in Frameworks */ = {isa = PBXBuildFile; fileRef = D545F0321F12E5DA00462242 /* TwitterCore.framework */; };
		D545F0371F12E5DA00462242 /* TwitterKit.framework in Frameworks */ = {isa = PBXBuildFile; fileRef = D545F0331F12E5DA00462242 /* TwitterKit.framework */; };
		D545F0381F12E5DA00462242 /* TwitterKitResources.bundle in Resources */ = {isa = PBXBuildFile; fileRef = D545F0341F12E5DA00462242 /* TwitterKitResources.bundle */; };
		D545F0391F12E5DA00462242 /* TwitterShareExtensionUIResources.bundle in Resources */ = {isa = PBXBuildFile; fileRef = D545F0351F12E5DA00462242 /* TwitterShareExtensionUIResources.bundle */; };
		D56724981F0EB61500B7CF80 /* ArcanosMetadataAPI.h in Headers */ = {isa = PBXBuildFile; fileRef = D56724961F0EB61500B7CF80 /* ArcanosMetadataAPI.h */; settings = {ATTRIBUTES = (Public, ); }; };
		D567249B1F0EB61500B7CF80 /* ArcanosMetadataAPI.framework in Frameworks */ = {isa = PBXBuildFile; fileRef = D56724941F0EB61400B7CF80 /* ArcanosMetadataAPI.framework */; };
		D567249C1F0EB61500B7CF80 /* ArcanosMetadataAPI.framework in Embed Frameworks */ = {isa = PBXBuildFile; fileRef = D56724941F0EB61400B7CF80 /* ArcanosMetadataAPI.framework */; settings = {ATTRIBUTES = (CodeSignOnCopy, RemoveHeadersOnCopy, ); }; };
		D5B676DE1F0EB8B400C62C95 /* AWREntity.h in Headers */ = {isa = PBXBuildFile; fileRef = D5B676D21F0EB83000C62C95 /* AWREntity.h */; settings = {ATTRIBUTES = (Public, ); }; };
		D5B676DF1F0EB8B400C62C95 /* AWRFile.h in Headers */ = {isa = PBXBuildFile; fileRef = D5B676D61F0EB86A00C62C95 /* AWRFile.h */; settings = {ATTRIBUTES = (Public, ); }; };
		D5B676E01F0EB8B400C62C95 /* AWRArtist.h in Headers */ = {isa = PBXBuildFile; fileRef = D5B676D71F0EB87F00C62C95 /* AWRArtist.h */; settings = {ATTRIBUTES = (Public, ); }; };
		D5B676E11F0EB8B400C62C95 /* AWRPlaylist.h in Headers */ = {isa = PBXBuildFile; fileRef = D5B676D81F0EB89000C62C95 /* AWRPlaylist.h */; settings = {ATTRIBUTES = (Public, ); }; };
		D5B676E21F0EB8B400C62C95 /* AWRSong.h in Headers */ = {isa = PBXBuildFile; fileRef = D5B676D91F0EB8A700C62C95 /* AWRSong.h */; settings = {ATTRIBUTES = (Public, ); }; };
		D5B677011F0EBAD600C62C95 /* IOZPromise.h in Headers */ = {isa = PBXBuildFile; fileRef = D5B676FF1F0EBAD600C62C95 /* IOZPromise.h */; settings = {ATTRIBUTES = (Public, ); }; };
		D5B677041F0EBAD600C62C95 /* IOZPromise.framework in Frameworks */ = {isa = PBXBuildFile; fileRef = D5B676FD1F0EBAD600C62C95 /* IOZPromise.framework */; };
		D5B677051F0EBAD600C62C95 /* IOZPromise.framework in Embed Frameworks */ = {isa = PBXBuildFile; fileRef = D5B676FD1F0EBAD600C62C95 /* IOZPromise.framework */; settings = {ATTRIBUTES = (CodeSignOnCopy, RemoveHeadersOnCopy, ); }; };
		D5B677131F0EBB8100C62C95 /* NSError+IOZPromise.h in Headers */ = {isa = PBXBuildFile; fileRef = D5B677091F0EBB8100C62C95 /* NSError+IOZPromise.h */; settings = {ATTRIBUTES = (Public, ); }; };
		D5B677141F0EBB8100C62C95 /* NSError+IOZPromise.m in Sources */ = {isa = PBXBuildFile; fileRef = D5B6770A1F0EBB8100C62C95 /* NSError+IOZPromise.m */; };
		D5B677151F0EBB8100C62C95 /* NSObject+IOZPromise.h in Headers */ = {isa = PBXBuildFile; fileRef = D5B6770B1F0EBB8100C62C95 /* NSObject+IOZPromise.h */; settings = {ATTRIBUTES = (Public, ); }; };
		D5B677161F0EBB8100C62C95 /* NSObject+IOZPromise.m in Sources */ = {isa = PBXBuildFile; fileRef = D5B6770C1F0EBB8100C62C95 /* NSObject+IOZPromise.m */; };
		D5B677171F0EBB8100C62C95 /* IOZNoMorePromises.h in Headers */ = {isa = PBXBuildFile; fileRef = D5B6770D1F0EBB8100C62C95 /* IOZNoMorePromises.h */; settings = {ATTRIBUTES = (Public, ); }; };
		D5B677181F0EBB8100C62C95 /* IOZNoMorePromises.m in Sources */ = {isa = PBXBuildFile; fileRef = D5B6770E1F0EBB8100C62C95 /* IOZNoMorePromises.m */; };
		D5B6771A1F0EBB8100C62C95 /* IOZPromiseProtocol.h in Headers */ = {isa = PBXBuildFile; fileRef = D5B677101F0EBB8100C62C95 /* IOZPromiseProtocol.h */; settings = {ATTRIBUTES = (Public, ); }; };
		D5B6771B1F0EBB8100C62C95 /* IOZPromiseResult.h in Headers */ = {isa = PBXBuildFile; fileRef = D5B677111F0EBB8100C62C95 /* IOZPromiseResult.h */; settings = {ATTRIBUTES = (Public, ); }; };
		D5B6771C1F0EBB8100C62C95 /* IOZPromiseResult.m in Sources */ = {isa = PBXBuildFile; fileRef = D5B677121F0EBB8100C62C95 /* IOZPromiseResult.m */; };
		D5C756051F22B38D0006C2FA /* AWRAnalytics.m in Sources */ = {isa = PBXBuildFile; fileRef = D5C756041F22B38D0006C2FA /* AWRAnalytics.m */; };
		D5C756081F22B4540006C2FA /* AWRFabricAnswers.m in Sources */ = {isa = PBXBuildFile; fileRef = D5C756071F22B4540006C2FA /* AWRFabricAnswers.m */; };
		D5D7599A1F127AA50001D6B5 /* AWRAppDeveloperViewState.m in Sources */ = {isa = PBXBuildFile; fileRef = D5D759931F127AA50001D6B5 /* AWRAppDeveloperViewState.m */; };
		D5D7599B1F127AA50001D6B5 /* AWRAppInfoViewState.m in Sources */ = {isa = PBXBuildFile; fileRef = D5D759951F127AA50001D6B5 /* AWRAppInfoViewState.m */; };
		D5D7599C1F127AA50001D6B5 /* AWRLicenseViewState.m in Sources */ = {isa = PBXBuildFile; fileRef = D5D759971F127AA50001D6B5 /* AWRLicenseViewState.m */; };
		D5D7599D1F127AA50001D6B5 /* AWRNowPlayingViewState.m in Sources */ = {isa = PBXBuildFile; fileRef = D5D759991F127AA50001D6B5 /* AWRNowPlayingViewState.m */; };
/* End PBXBuildFile section */

/* Begin PBXContainerItemProxy section */
		D5018FAF1F0ED2D100C7F7D1 /* PBXContainerItemProxy */ = {
			isa = PBXContainerItemProxy;
			containerPortal = 0181E7CF1D8C905B008E21C5 /* Project object */;
			proxyType = 1;
			remoteGlobalIDString = D5B676FC1F0EBAD600C62C95;
			remoteInfo = IOZPromise;
		};
		D531D4B21F21478100A78658 /* PBXContainerItemProxy */ = {
			isa = PBXContainerItemProxy;
			containerPortal = 0181E7CF1D8C905B008E21C5 /* Project object */;
			proxyType = 1;
			remoteGlobalIDString = 0181E7D61D8C905B008E21C5;
			remoteInfo = ArcanosRadio;
		};
		D56724991F0EB61500B7CF80 /* PBXContainerItemProxy */ = {
			isa = PBXContainerItemProxy;
			containerPortal = 0181E7CF1D8C905B008E21C5 /* Project object */;
			proxyType = 1;
			remoteGlobalIDString = D56724931F0EB61400B7CF80;
			remoteInfo = ArcanosMetadataAPI;
		};
		D5B677021F0EBAD600C62C95 /* PBXContainerItemProxy */ = {
			isa = PBXContainerItemProxy;
			containerPortal = 0181E7CF1D8C905B008E21C5 /* Project object */;
			proxyType = 1;
			remoteGlobalIDString = D5B676FC1F0EBAD600C62C95;
			remoteInfo = IOZPromise;
		};
/* End PBXContainerItemProxy section */

/* Begin PBXCopyFilesBuildPhase section */
		D56724A01F0EB61500B7CF80 /* Embed Frameworks */ = {
			isa = PBXCopyFilesBuildPhase;
			buildActionMask = 2147483647;
			dstPath = "";
			dstSubfolderSpec = 10;
			files = (
				D567249C1F0EB61500B7CF80 /* ArcanosMetadataAPI.framework in Embed Frameworks */,
				D5B677051F0EBAD600C62C95 /* IOZPromise.framework in Embed Frameworks */,
			);
			name = "Embed Frameworks";
			runOnlyForDeploymentPostprocessing = 0;
		};
/* End PBXCopyFilesBuildPhase section */

/* Begin PBXFileReference section */
		012582B61D91F2EA002C4E93 /* AWRAppCoordinator.h */ = {isa = PBXFileReference; fileEncoding = 4; lastKnownFileType = sourcecode.c.h; path = AWRAppCoordinator.h; sourceTree = "<group>"; };
		012582B71D91F2EA002C4E93 /* AWRAppCoordinator.m */ = {isa = PBXFileReference; fileEncoding = 4; lastKnownFileType = sourcecode.c.objc; path = AWRAppCoordinator.m; sourceTree = "<group>"; };
		013784DC1DEE2A86006EC13E /* AWRTwitterViewController.h */ = {isa = PBXFileReference; fileEncoding = 4; lastKnownFileType = sourcecode.c.h; path = AWRTwitterViewController.h; sourceTree = "<group>"; };
		013784DD1DEE2A86006EC13E /* AWRTwitterViewController.m */ = {isa = PBXFileReference; fileEncoding = 4; lastKnownFileType = sourcecode.c.objc; path = AWRTwitterViewController.m; sourceTree = "<group>"; };
		013784E01DEE2AC4006EC13E /* AWRTwitterView.xib */ = {isa = PBXFileReference; fileEncoding = 4; lastKnownFileType = file.xib; path = AWRTwitterView.xib; sourceTree = "<group>"; };
		01419A181E15E111008FDBDB /* AWRTwitterView.h */ = {isa = PBXFileReference; fileEncoding = 4; lastKnownFileType = sourcecode.c.h; path = AWRTwitterView.h; sourceTree = "<group>"; };
		01419A191E15E111008FDBDB /* AWRTwitterView.m */ = {isa = PBXFileReference; fileEncoding = 4; lastKnownFileType = sourcecode.c.objc; path = AWRTwitterView.m; sourceTree = "<group>"; };
		0151BAD71DC0FA4E00736A79 /* AWRMenuPanGestureRecognizer.h */ = {isa = PBXFileReference; fileEncoding = 4; lastKnownFileType = sourcecode.c.h; path = AWRMenuPanGestureRecognizer.h; sourceTree = "<group>"; };
		0151BAD81DC0FA4E00736A79 /* AWRMenuPanGestureRecognizer.m */ = {isa = PBXFileReference; fileEncoding = 4; lastKnownFileType = sourcecode.c.objc; path = AWRMenuPanGestureRecognizer.m; sourceTree = "<group>"; };
		016500DF1DB1E79B00B32C0A /* AWRMenuView.h */ = {isa = PBXFileReference; fileEncoding = 4; lastKnownFileType = sourcecode.c.h; path = AWRMenuView.h; sourceTree = "<group>"; };
		016500E01DB1E79B00B32C0A /* AWRMenuView.m */ = {isa = PBXFileReference; fileEncoding = 4; lastKnownFileType = sourcecode.c.objc; path = AWRMenuView.m; sourceTree = "<group>"; };
		016500E71DB2D04900B32C0A /* Base */ = {isa = PBXFileReference; lastKnownFileType = text.plist.strings; name = Base; path = Base.lproj/Localizable.strings; sourceTree = "<group>"; };
		016500E91DB2D05200B32C0A /* en */ = {isa = PBXFileReference; lastKnownFileType = text.plist.strings; name = en; path = en.lproj/Localizable.strings; sourceTree = "<group>"; };
		016500EA1DB2D0E300B32C0A /* pt-BR */ = {isa = PBXFileReference; lastKnownFileType = text.plist.strings; name = "pt-BR"; path = "pt-BR.lproj/Localizable.strings"; sourceTree = "<group>"; };
		016500EE1DB2EFBD00B32C0A /* Settings.bundle */ = {isa = PBXFileReference; lastKnownFileType = "wrapper.plug-in"; path = Settings.bundle; sourceTree = "<group>"; };
		016500F11DB3374500B32C0A /* AWRAboutView.xib */ = {isa = PBXFileReference; fileEncoding = 4; lastKnownFileType = file.xib; path = AWRAboutView.xib; sourceTree = "<group>"; };
		016500F41DB337A100B32C0A /* AWRAboutView.h */ = {isa = PBXFileReference; fileEncoding = 4; lastKnownFileType = sourcecode.c.h; path = AWRAboutView.h; sourceTree = "<group>"; };
		016500F51DB337A100B32C0A /* AWRAboutView.m */ = {isa = PBXFileReference; fileEncoding = 4; lastKnownFileType = sourcecode.c.objc; path = AWRAboutView.m; sourceTree = "<group>"; };
		016500F81DB3383700B32C0A /* AWRAboutController.h */ = {isa = PBXFileReference; fileEncoding = 4; lastKnownFileType = sourcecode.c.h; path = AWRAboutController.h; sourceTree = "<group>"; };
		016500F91DB3383700B32C0A /* AWRAboutController.m */ = {isa = PBXFileReference; fileEncoding = 4; lastKnownFileType = sourcecode.c.objc; path = AWRAboutController.m; sourceTree = "<group>"; };
		016501001DB3516400B32C0A /* AWRColorToolkit.h */ = {isa = PBXFileReference; fileEncoding = 4; lastKnownFileType = sourcecode.c.h; path = AWRColorToolkit.h; sourceTree = "<group>"; };
		016501011DB3516400B32C0A /* AWRColorToolkit.m */ = {isa = PBXFileReference; fileEncoding = 4; lastKnownFileType = sourcecode.c.objc; path = AWRColorToolkit.m; sourceTree = "<group>"; };
		01673C7A1DCFAD2E000B14CE /* SimulatorStatusMagiciOS.framework */ = {isa = PBXFileReference; lastKnownFileType = wrapper.framework; name = SimulatorStatusMagiciOS.framework; path = Carthage/Build/iOS/SimulatorStatusMagiciOS.framework; sourceTree = "<group>"; };
		0181E7D71D8C905B008E21C5 /* Arcanos Radio.app */ = {isa = PBXFileReference; explicitFileType = wrapper.application; includeInIndex = 0; path = "Arcanos Radio.app"; sourceTree = BUILT_PRODUCTS_DIR; };
		0181E7DB1D8C905B008E21C5 /* main.m */ = {isa = PBXFileReference; lastKnownFileType = sourcecode.c.objc; path = main.m; sourceTree = "<group>"; };
		0181E7DD1D8C905B008E21C5 /* AppDelegate.h */ = {isa = PBXFileReference; lastKnownFileType = sourcecode.c.h; path = AppDelegate.h; sourceTree = "<group>"; };
		0181E7DE1D8C905B008E21C5 /* AppDelegate.m */ = {isa = PBXFileReference; lastKnownFileType = sourcecode.c.objc; path = AppDelegate.m; sourceTree = "<group>"; };
		0181E7E61D8C905B008E21C5 /* Assets.xcassets */ = {isa = PBXFileReference; lastKnownFileType = folder.assetcatalog; path = Assets.xcassets; sourceTree = "<group>"; };
		0181E7EB1D8C905B008E21C5 /* Info.plist */ = {isa = PBXFileReference; lastKnownFileType = text.plist.xml; path = Info.plist; sourceTree = "<group>"; };
		0181E7F81D8C9663008E21C5 /* SplashView.xib */ = {isa = PBXFileReference; fileEncoding = 4; lastKnownFileType = file.xib; path = SplashView.xib; sourceTree = "<group>"; };
		0181E7FC1D8C9EB1008E21C5 /* Fabric.framework */ = {isa = PBXFileReference; lastKnownFileType = wrapper.framework; path = Fabric.framework; sourceTree = "<group>"; };
		0181E7FD1D8C9EB1008E21C5 /* Crashlytics.framework */ = {isa = PBXFileReference; lastKnownFileType = wrapper.framework; path = Crashlytics.framework; sourceTree = "<group>"; };
		0181E8001D8CADE8008E21C5 /* Bolts.framework */ = {isa = PBXFileReference; lastKnownFileType = wrapper.framework; name = Bolts.framework; path = Carthage/Build/iOS/Bolts.framework; sourceTree = "<group>"; };
		0181E8011D8CADE8008E21C5 /* Parse.framework */ = {isa = PBXFileReference; lastKnownFileType = wrapper.framework; name = Parse.framework; path = Carthage/Build/iOS/Parse.framework; sourceTree = "<group>"; };
		0181E8061D8CB0ED008E21C5 /* AWRConstants.h */ = {isa = PBXFileReference; fileEncoding = 4; lastKnownFileType = sourcecode.c.h; path = AWRConstants.h; sourceTree = "<group>"; };
		0181E8071D8CB0ED008E21C5 /* AWRConstants.m */ = {isa = PBXFileReference; fileEncoding = 4; lastKnownFileType = sourcecode.c.objc; path = AWRConstants.m; sourceTree = "<group>"; };
		0181E8081D8CB0ED008E21C5 /* PrefixHeader.pch */ = {isa = PBXFileReference; fileEncoding = 4; lastKnownFileType = sourcecode.c.h; path = PrefixHeader.pch; sourceTree = "<group>"; };
		0181E8161D8CB14D008E21C5 /* AWRArcanosMediaPlayer.h */ = {isa = PBXFileReference; fileEncoding = 4; lastKnownFileType = sourcecode.c.h; path = AWRArcanosMediaPlayer.h; sourceTree = "<group>"; };
		0181E8171D8CB14D008E21C5 /* AWRArcanosMediaPlayer.m */ = {isa = PBXFileReference; fileEncoding = 4; lastKnownFileType = sourcecode.c.objc; path = AWRArcanosMediaPlayer.m; sourceTree = "<group>"; };
		0181E8301D8CB177008E21C5 /* AWRNowPlayingView.xib */ = {isa = PBXFileReference; fileEncoding = 4; lastKnownFileType = file.xib; path = AWRNowPlayingView.xib; sourceTree = "<group>"; };
		0181E8311D8CB177008E21C5 /* AWRNowPlayingView.h */ = {isa = PBXFileReference; fileEncoding = 4; lastKnownFileType = sourcecode.c.h; path = AWRNowPlayingView.h; sourceTree = "<group>"; };
		0181E8321D8CB177008E21C5 /* AWRNowPlayingView.m */ = {isa = PBXFileReference; fileEncoding = 4; lastKnownFileType = sourcecode.c.objc; path = AWRNowPlayingView.m; sourceTree = "<group>"; };
		018E2CC31DBC1CF50035455B /* AWRViewController.h */ = {isa = PBXFileReference; fileEncoding = 4; lastKnownFileType = sourcecode.c.h; path = AWRViewController.h; sourceTree = "<group>"; };
		018E2CC41DBC1CF50035455B /* AWRViewController.m */ = {isa = PBXFileReference; fileEncoding = 4; lastKnownFileType = sourcecode.c.objc; path = AWRViewController.m; sourceTree = "<group>"; };
		018E2CD21DBC31130035455B /* genLicense.pl */ = {isa = PBXFileReference; fileEncoding = 4; lastKnownFileType = text.script.perl; path = genLicense.pl; sourceTree = "<group>"; };
		018E2CE11DBC376A0035455B /* Acknowledgements.plist */ = {isa = PBXFileReference; fileEncoding = 4; lastKnownFileType = text.plist.xml; path = Acknowledgements.plist; sourceTree = "<group>"; };
		018E2CEB1DBC70D90035455B /* AWRDeveloperInfoTableViewCell.xib */ = {isa = PBXFileReference; fileEncoding = 4; lastKnownFileType = file.xib; path = AWRDeveloperInfoTableViewCell.xib; sourceTree = "<group>"; };
		018E2CEE1DBC720A0035455B /* AWRDeveloperInfoTableViewCell.h */ = {isa = PBXFileReference; fileEncoding = 4; lastKnownFileType = sourcecode.c.h; path = AWRDeveloperInfoTableViewCell.h; sourceTree = "<group>"; };
		018E2CEF1DBC720A0035455B /* AWRDeveloperInfoTableViewCell.m */ = {isa = PBXFileReference; fileEncoding = 4; lastKnownFileType = sourcecode.c.objc; path = AWRDeveloperInfoTableViewCell.m; sourceTree = "<group>"; };
		018E2CFA1DBC7DBC0035455B /* AWRAppLinkInfoTableViewCell.xib */ = {isa = PBXFileReference; fileEncoding = 4; lastKnownFileType = file.xib; path = AWRAppLinkInfoTableViewCell.xib; sourceTree = "<group>"; };
		018E2CFD1DBC7DD00035455B /* AWRAppLinkInfoTableViewCell.h */ = {isa = PBXFileReference; fileEncoding = 4; lastKnownFileType = sourcecode.c.h; path = AWRAppLinkInfoTableViewCell.h; sourceTree = "<group>"; };
		018E2CFE1DBC7DD00035455B /* AWRAppLinkInfoTableViewCell.m */ = {isa = PBXFileReference; fileEncoding = 4; lastKnownFileType = sourcecode.c.objc; path = AWRAppLinkInfoTableViewCell.m; sourceTree = "<group>"; };
		018E2D011DBCCD950035455B /* AWRLicenseView.xib */ = {isa = PBXFileReference; fileEncoding = 4; lastKnownFileType = file.xib; path = AWRLicenseView.xib; sourceTree = "<group>"; };
		018E2D041DBCCF220035455B /* AWRLicenseView.h */ = {isa = PBXFileReference; fileEncoding = 4; lastKnownFileType = sourcecode.c.h; path = AWRLicenseView.h; sourceTree = "<group>"; };
		018E2D051DBCCF220035455B /* AWRLicenseView.m */ = {isa = PBXFileReference; fileEncoding = 4; lastKnownFileType = sourcecode.c.objc; path = AWRLicenseView.m; sourceTree = "<group>"; };
		018E2D0C1DBCD8670035455B /* AWRLicenseController.h */ = {isa = PBXFileReference; fileEncoding = 4; lastKnownFileType = sourcecode.c.h; path = AWRLicenseController.h; sourceTree = "<group>"; };
		018E2D0D1DBCD8670035455B /* AWRLicenseController.m */ = {isa = PBXFileReference; fileEncoding = 4; lastKnownFileType = sourcecode.c.objc; path = AWRLicenseController.m; sourceTree = "<group>"; };
		018E2D101DBD00F00035455B /* AWRHelpCoordinator.h */ = {isa = PBXFileReference; fileEncoding = 4; lastKnownFileType = sourcecode.c.h; path = AWRHelpCoordinator.h; sourceTree = "<group>"; };
		018E2D111DBD00F00035455B /* AWRHelpCoordinator.m */ = {isa = PBXFileReference; fileEncoding = 4; lastKnownFileType = sourcecode.c.objc; path = AWRHelpCoordinator.m; sourceTree = "<group>"; };
		018E2D141DBD48960035455B /* AWRVersionTableViewCell.xib */ = {isa = PBXFileReference; fileEncoding = 4; lastKnownFileType = file.xib; path = AWRVersionTableViewCell.xib; sourceTree = "<group>"; };
		018E2D171DBD48B30035455B /* AWRVersionTableViewCell.h */ = {isa = PBXFileReference; fileEncoding = 4; lastKnownFileType = sourcecode.c.h; path = AWRVersionTableViewCell.h; sourceTree = "<group>"; };
		018E2D181DBD48B30035455B /* AWRVersionTableViewCell.m */ = {isa = PBXFileReference; fileEncoding = 4; lastKnownFileType = sourcecode.c.objc; path = AWRVersionTableViewCell.m; sourceTree = "<group>"; };
		01D2BD0B1D9B00D900632C08 /* QuartzCore.framework */ = {isa = PBXFileReference; lastKnownFileType = wrapper.framework; name = QuartzCore.framework; path = System/Library/Frameworks/QuartzCore.framework; sourceTree = SDKROOT; };
		01DBE4941D8CB2C4003B2100 /* AWRNowPlayingController.m */ = {isa = PBXFileReference; fileEncoding = 4; lastKnownFileType = sourcecode.c.objc; path = AWRNowPlayingController.m; sourceTree = "<group>"; };
		01DBE4951D8CB2C4003B2100 /* AWRNowPlayingCoordinator.m */ = {isa = PBXFileReference; fileEncoding = 4; lastKnownFileType = sourcecode.c.objc; path = AWRNowPlayingCoordinator.m; sourceTree = "<group>"; };
		01DBE4961D8CB2C4003B2100 /* AWRNowPlayingController.h */ = {isa = PBXFileReference; fileEncoding = 4; lastKnownFileType = sourcecode.c.h; path = AWRNowPlayingController.h; sourceTree = "<group>"; };
		01DBE4971D8CB2C4003B2100 /* AWRNowPlayingCoordinator.h */ = {isa = PBXFileReference; fileEncoding = 4; lastKnownFileType = sourcecode.c.h; path = AWRNowPlayingCoordinator.h; sourceTree = "<group>"; };
		01DD77281DE985EB006E82B3 /* AWRCrashReportController.h */ = {isa = PBXFileReference; fileEncoding = 4; lastKnownFileType = sourcecode.c.h; path = AWRCrashReportController.h; sourceTree = "<group>"; };
		01DD77291DE985EB006E82B3 /* AWRCrashReportController.m */ = {isa = PBXFileReference; fileEncoding = 4; lastKnownFileType = sourcecode.c.objc; path = AWRCrashReportController.m; sourceTree = "<group>"; };
		01DD772C1DE992BB006E82B3 /* AWRShareViewController.h */ = {isa = PBXFileReference; fileEncoding = 4; lastKnownFileType = sourcecode.c.h; path = AWRShareViewController.h; sourceTree = "<group>"; };
		01DD772D1DE992BB006E82B3 /* AWRShareViewController.m */ = {isa = PBXFileReference; fileEncoding = 4; lastKnownFileType = sourcecode.c.objc; path = AWRShareViewController.m; sourceTree = "<group>"; };
		01DD77301DE997DF006E82B3 /* AWRControlCenterController.h */ = {isa = PBXFileReference; fileEncoding = 4; lastKnownFileType = sourcecode.c.h; path = AWRControlCenterController.h; sourceTree = "<group>"; };
		01DD77311DE997DF006E82B3 /* AWRControlCenterController.m */ = {isa = PBXFileReference; fileEncoding = 4; lastKnownFileType = sourcecode.c.objc; path = AWRControlCenterController.m; sourceTree = "<group>"; };
		01DD773B1DEA5D83006E82B3 /* NSArray+Functional.h */ = {isa = PBXFileReference; fileEncoding = 4; lastKnownFileType = sourcecode.c.h; path = "NSArray+Functional.h"; sourceTree = "<group>"; };
		01DD773C1DEA5D83006E82B3 /* NSArray+Functional.m */ = {isa = PBXFileReference; fileEncoding = 4; lastKnownFileType = sourcecode.c.objc; path = "NSArray+Functional.m"; sourceTree = "<group>"; };
		01DE2E7E1D95FCA3003E604E /* FXBlurView.h */ = {isa = PBXFileReference; fileEncoding = 4; lastKnownFileType = sourcecode.c.h; path = FXBlurView.h; sourceTree = "<group>"; };
		01DE2E7F1D95FCA3003E604E /* FXBlurView.m */ = {isa = PBXFileReference; fileEncoding = 4; lastKnownFileType = sourcecode.c.objc; path = FXBlurView.m; sourceTree = "<group>"; };
		01DE2E811D9601C1003E604E /* Accelerate.framework */ = {isa = PBXFileReference; lastKnownFileType = wrapper.framework; name = Accelerate.framework; path = System/Library/Frameworks/Accelerate.framework; sourceTree = SDKROOT; };
		01FB39331DAC592B00EBC99D /* AWRNowPlayingHeaderView.xib */ = {isa = PBXFileReference; fileEncoding = 4; lastKnownFileType = file.xib; path = AWRNowPlayingHeaderView.xib; sourceTree = "<group>"; };
		01FB39361DAC596800EBC99D /* AWRNowPlayingHeaderView.h */ = {isa = PBXFileReference; fileEncoding = 4; lastKnownFileType = sourcecode.c.h; path = AWRNowPlayingHeaderView.h; sourceTree = "<group>"; };
		01FB39371DAC596800EBC99D /* AWRNowPlayingHeaderView.m */ = {isa = PBXFileReference; fileEncoding = 4; lastKnownFileType = sourcecode.c.objc; path = AWRNowPlayingHeaderView.m; sourceTree = "<group>"; };
		01FB393A1DAC607A00EBC99D /* AWRMergeImageView.h */ = {isa = PBXFileReference; fileEncoding = 4; lastKnownFileType = sourcecode.c.h; path = AWRMergeImageView.h; sourceTree = "<group>"; };
		01FB393B1DAC607A00EBC99D /* AWRMergeImageView.m */ = {isa = PBXFileReference; fileEncoding = 4; lastKnownFileType = sourcecode.c.objc; path = AWRMergeImageView.m; sourceTree = "<group>"; };
		01FB393E1DACABC000EBC99D /* UIView+Utils.h */ = {isa = PBXFileReference; fileEncoding = 4; lastKnownFileType = sourcecode.c.h; path = "UIView+Utils.h"; sourceTree = "<group>"; };
		01FB393F1DACABC000EBC99D /* UIView+Utils.m */ = {isa = PBXFileReference; fileEncoding = 4; lastKnownFileType = sourcecode.c.objc; path = "UIView+Utils.m"; sourceTree = "<group>"; };
		01FB39421DACB9D600EBC99D /* UIImage+Resize.h */ = {isa = PBXFileReference; fileEncoding = 4; lastKnownFileType = sourcecode.c.h; path = "UIImage+Resize.h"; sourceTree = "<group>"; };
		01FB39431DACB9D600EBC99D /* UIImage+Resize.m */ = {isa = PBXFileReference; fileEncoding = 4; lastKnownFileType = sourcecode.c.objc; path = "UIImage+Resize.m"; sourceTree = "<group>"; };
		01FB39461DACC7BA00EBC99D /* AWRAvatarImageView.h */ = {isa = PBXFileReference; fileEncoding = 4; lastKnownFileType = sourcecode.c.h; path = AWRAvatarImageView.h; sourceTree = "<group>"; };
		01FB39471DACC7BA00EBC99D /* AWRAvatarImageView.m */ = {isa = PBXFileReference; fileEncoding = 4; lastKnownFileType = sourcecode.c.objc; path = AWRAvatarImageView.m; sourceTree = "<group>"; };
		D5018F7E1F0EC37600C7F7D1 /* AWRArtistParse.h */ = {isa = PBXFileReference; fileEncoding = 4; lastKnownFileType = sourcecode.c.h; path = AWRArtistParse.h; sourceTree = "<group>"; };
		D5018F7F1F0EC37600C7F7D1 /* AWRArtistParse.m */ = {isa = PBXFileReference; fileEncoding = 4; lastKnownFileType = sourcecode.c.objc; path = AWRArtistParse.m; sourceTree = "<group>"; };
		D5018F801F0EC37600C7F7D1 /* AWRPlaylistParse.h */ = {isa = PBXFileReference; fileEncoding = 4; lastKnownFileType = sourcecode.c.h; path = AWRPlaylistParse.h; sourceTree = "<group>"; };
		D5018F811F0EC37600C7F7D1 /* AWRPlaylistParse.m */ = {isa = PBXFileReference; fileEncoding = 4; lastKnownFileType = sourcecode.c.objc; path = AWRPlaylistParse.m; sourceTree = "<group>"; };
		D5018F821F0EC37600C7F7D1 /* AWRSongParse.h */ = {isa = PBXFileReference; fileEncoding = 4; lastKnownFileType = sourcecode.c.h; path = AWRSongParse.h; sourceTree = "<group>"; };
		D5018F831F0EC37600C7F7D1 /* AWRSongParse.m */ = {isa = PBXFileReference; fileEncoding = 4; lastKnownFileType = sourcecode.c.objc; path = AWRSongParse.m; sourceTree = "<group>"; };
		D5018F841F0EC37600C7F7D1 /* PFFile+AWRFile.h */ = {isa = PBXFileReference; fileEncoding = 4; lastKnownFileType = sourcecode.c.h; path = "PFFile+AWRFile.h"; sourceTree = "<group>"; };
		D5018F851F0EC37600C7F7D1 /* PFFile+AWRFile.m */ = {isa = PBXFileReference; fileEncoding = 4; lastKnownFileType = sourcecode.c.objc; path = "PFFile+AWRFile.m"; sourceTree = "<group>"; };
		D5018F8F1F0EC5AA00C7F7D1 /* BFTask+IOZPromise.h */ = {isa = PBXFileReference; fileEncoding = 4; lastKnownFileType = sourcecode.c.h; path = "BFTask+IOZPromise.h"; sourceTree = "<group>"; };
		D5018F901F0EC5AA00C7F7D1 /* BFTask+IOZPromise.m */ = {isa = PBXFileReference; fileEncoding = 4; lastKnownFileType = sourcecode.c.objc; path = "BFTask+IOZPromise.m"; sourceTree = "<group>"; };
		D5018F941F0EC65700C7F7D1 /* AWRMetadataFactory.h */ = {isa = PBXFileReference; fileEncoding = 4; lastKnownFileType = sourcecode.c.h; path = AWRMetadataFactory.h; sourceTree = "<group>"; };
		D5018F951F0EC65700C7F7D1 /* AWRMetadataFactory.m */ = {isa = PBXFileReference; fileEncoding = 4; lastKnownFileType = sourcecode.c.objc; path = AWRMetadataFactory.m; sourceTree = "<group>"; };
		D5018F961F0EC65700C7F7D1 /* AWRMetadataPoolingService.h */ = {isa = PBXFileReference; fileEncoding = 4; lastKnownFileType = sourcecode.c.h; path = AWRMetadataPoolingService.h; sourceTree = "<group>"; };
		D5018F971F0EC65700C7F7D1 /* AWRMetadataPoolingService.m */ = {isa = PBXFileReference; fileEncoding = 4; lastKnownFileType = sourcecode.c.objc; path = AWRMetadataPoolingService.m; sourceTree = "<group>"; };
		D5018F981F0EC65700C7F7D1 /* AWRMetadataService.h */ = {isa = PBXFileReference; fileEncoding = 4; lastKnownFileType = sourcecode.c.h; path = AWRMetadataService.h; sourceTree = "<group>"; };
		D5018F991F0EC65700C7F7D1 /* AWRMetadataServiceDelegate.h */ = {isa = PBXFileReference; fileEncoding = 4; lastKnownFileType = sourcecode.c.h; path = AWRMetadataServiceDelegate.h; sourceTree = "<group>"; };
		D5018F9A1F0EC65700C7F7D1 /* AWRMetadataServiceMulticastDelegate.h */ = {isa = PBXFileReference; fileEncoding = 4; lastKnownFileType = sourcecode.c.h; path = AWRMetadataServiceMulticastDelegate.h; sourceTree = "<group>"; };
		D5018F9B1F0EC65700C7F7D1 /* AWRMetadataServiceMulticastDelegate.m */ = {isa = PBXFileReference; fileEncoding = 4; lastKnownFileType = sourcecode.c.objc; path = AWRMetadataServiceMulticastDelegate.m; sourceTree = "<group>"; };
		D5018F9C1F0EC65700C7F7D1 /* AWRMetadataStore.h */ = {isa = PBXFileReference; fileEncoding = 4; lastKnownFileType = sourcecode.c.h; path = AWRMetadataStore.h; sourceTree = "<group>"; };
		D5018F9D1F0EC65700C7F7D1 /* AWRParseMetadataStore.h */ = {isa = PBXFileReference; fileEncoding = 4; lastKnownFileType = sourcecode.c.h; path = AWRParseMetadataStore.h; sourceTree = "<group>"; };
		D5018F9E1F0EC65700C7F7D1 /* AWRParseMetadataStore.m */ = {isa = PBXFileReference; fileEncoding = 4; lastKnownFileType = sourcecode.c.objc; path = AWRParseMetadataStore.m; sourceTree = "<group>"; };
		D5018F9F1F0EC65700C7F7D1 /* AWRReachability.h */ = {isa = PBXFileReference; fileEncoding = 4; lastKnownFileType = sourcecode.c.h; path = AWRReachability.h; sourceTree = "<group>"; };
		D5018FA01F0EC65700C7F7D1 /* AWRReachability.m */ = {isa = PBXFileReference; fileEncoding = 4; lastKnownFileType = sourcecode.c.objc; path = AWRReachability.m; sourceTree = "<group>"; };
		D531D4AD1F21478100A78658 /* ArcanosRadioScreenshot.xctest */ = {isa = PBXFileReference; explicitFileType = wrapper.cfbundle; includeInIndex = 0; path = ArcanosRadioScreenshot.xctest; sourceTree = BUILT_PRODUCTS_DIR; };
		D531D4AF1F21478100A78658 /* ArcanosRadioScreenshot.m */ = {isa = PBXFileReference; lastKnownFileType = sourcecode.c.objc; path = ArcanosRadioScreenshot.m; sourceTree = "<group>"; };
		D531D4B11F21478100A78658 /* Info.plist */ = {isa = PBXFileReference; lastKnownFileType = text.plist.xml; path = Info.plist; sourceTree = "<group>"; };
		D531D4B71F214AAB00A78658 /* KIF.framework */ = {isa = PBXFileReference; lastKnownFileType = wrapper.framework; name = KIF.framework; path = Carthage/Build/iOS/KIF.framework; sourceTree = "<group>"; };
		D531D4BA1F214D1400A78658 /* KIFUITestActor+EXAdditions.h */ = {isa = PBXFileReference; fileEncoding = 4; lastKnownFileType = sourcecode.c.h; path = "KIFUITestActor+EXAdditions.h"; sourceTree = "<group>"; };
		D531D4BB1F214D1400A78658 /* KIFUITestActor+EXAdditions.m */ = {isa = PBXFileReference; fileEncoding = 4; lastKnownFileType = sourcecode.c.objc; path = "KIFUITestActor+EXAdditions.m"; sourceTree = "<group>"; };
		D531D4BF1F215A4500A78658 /* FBSnapshotTestCase.framework */ = {isa = PBXFileReference; lastKnownFileType = wrapper.framework; name = FBSnapshotTestCase.framework; path = Carthage/Build/iOS/FBSnapshotTestCase.framework; sourceTree = "<group>"; };
		D545F02F1F12DE6600462242 /* AWRScrollView.h */ = {isa = PBXFileReference; fileEncoding = 4; lastKnownFileType = sourcecode.c.h; path = AWRScrollView.h; sourceTree = "<group>"; };
		D545F0301F12DE6600462242 /* AWRScrollView.m */ = {isa = PBXFileReference; fileEncoding = 4; lastKnownFileType = sourcecode.c.objc; path = AWRScrollView.m; sourceTree = "<group>"; };
		D545F0321F12E5DA00462242 /* TwitterCore.framework */ = {isa = PBXFileReference; lastKnownFileType = wrapper.framework; path = TwitterCore.framework; sourceTree = "<group>"; };
		D545F0331F12E5DA00462242 /* TwitterKit.framework */ = {isa = PBXFileReference; lastKnownFileType = wrapper.framework; path = TwitterKit.framework; sourceTree = "<group>"; };
		D545F0341F12E5DA00462242 /* TwitterKitResources.bundle */ = {isa = PBXFileReference; lastKnownFileType = "wrapper.plug-in"; path = TwitterKitResources.bundle; sourceTree = "<group>"; };
		D545F0351F12E5DA00462242 /* TwitterShareExtensionUIResources.bundle */ = {isa = PBXFileReference; lastKnownFileType = "wrapper.plug-in"; path = TwitterShareExtensionUIResources.bundle; sourceTree = "<group>"; };
		D56724941F0EB61400B7CF80 /* ArcanosMetadataAPI.framework */ = {isa = PBXFileReference; explicitFileType = wrapper.framework; includeInIndex = 0; path = ArcanosMetadataAPI.framework; sourceTree = BUILT_PRODUCTS_DIR; };
		D56724961F0EB61500B7CF80 /* ArcanosMetadataAPI.h */ = {isa = PBXFileReference; lastKnownFileType = sourcecode.c.h; path = ArcanosMetadataAPI.h; sourceTree = "<group>"; };
		D56724971F0EB61500B7CF80 /* Info.plist */ = {isa = PBXFileReference; lastKnownFileType = text.plist.xml; path = Info.plist; sourceTree = "<group>"; };
		D5B676D21F0EB83000C62C95 /* AWREntity.h */ = {isa = PBXFileReference; fileEncoding = 4; lastKnownFileType = sourcecode.c.h; path = AWREntity.h; sourceTree = "<group>"; };
		D5B676D61F0EB86A00C62C95 /* AWRFile.h */ = {isa = PBXFileReference; lastKnownFileType = sourcecode.c.h; path = AWRFile.h; sourceTree = "<group>"; };
		D5B676D71F0EB87F00C62C95 /* AWRArtist.h */ = {isa = PBXFileReference; lastKnownFileType = sourcecode.c.h; path = AWRArtist.h; sourceTree = "<group>"; };
		D5B676D81F0EB89000C62C95 /* AWRPlaylist.h */ = {isa = PBXFileReference; lastKnownFileType = sourcecode.c.h; path = AWRPlaylist.h; sourceTree = "<group>"; };
		D5B676D91F0EB8A700C62C95 /* AWRSong.h */ = {isa = PBXFileReference; lastKnownFileType = sourcecode.c.h; path = AWRSong.h; sourceTree = "<group>"; };
		D5B676FD1F0EBAD600C62C95 /* IOZPromise.framework */ = {isa = PBXFileReference; explicitFileType = wrapper.framework; includeInIndex = 0; path = IOZPromise.framework; sourceTree = BUILT_PRODUCTS_DIR; };
		D5B676FF1F0EBAD600C62C95 /* IOZPromise.h */ = {isa = PBXFileReference; lastKnownFileType = sourcecode.c.h; path = IOZPromise.h; sourceTree = "<group>"; };
		D5B677001F0EBAD600C62C95 /* Info.plist */ = {isa = PBXFileReference; lastKnownFileType = text.plist.xml; path = Info.plist; sourceTree = "<group>"; };
		D5B677091F0EBB8100C62C95 /* NSError+IOZPromise.h */ = {isa = PBXFileReference; fileEncoding = 4; lastKnownFileType = sourcecode.c.h; path = "NSError+IOZPromise.h"; sourceTree = "<group>"; };
		D5B6770A1F0EBB8100C62C95 /* NSError+IOZPromise.m */ = {isa = PBXFileReference; fileEncoding = 4; lastKnownFileType = sourcecode.c.objc; path = "NSError+IOZPromise.m"; sourceTree = "<group>"; };
		D5B6770B1F0EBB8100C62C95 /* NSObject+IOZPromise.h */ = {isa = PBXFileReference; fileEncoding = 4; lastKnownFileType = sourcecode.c.h; path = "NSObject+IOZPromise.h"; sourceTree = "<group>"; };
		D5B6770C1F0EBB8100C62C95 /* NSObject+IOZPromise.m */ = {isa = PBXFileReference; fileEncoding = 4; lastKnownFileType = sourcecode.c.objc; path = "NSObject+IOZPromise.m"; sourceTree = "<group>"; };
		D5B6770D1F0EBB8100C62C95 /* IOZNoMorePromises.h */ = {isa = PBXFileReference; fileEncoding = 4; lastKnownFileType = sourcecode.c.h; path = IOZNoMorePromises.h; sourceTree = "<group>"; };
		D5B6770E1F0EBB8100C62C95 /* IOZNoMorePromises.m */ = {isa = PBXFileReference; fileEncoding = 4; lastKnownFileType = sourcecode.c.objc; path = IOZNoMorePromises.m; sourceTree = "<group>"; };
		D5B677101F0EBB8100C62C95 /* IOZPromiseProtocol.h */ = {isa = PBXFileReference; fileEncoding = 4; lastKnownFileType = sourcecode.c.h; path = IOZPromiseProtocol.h; sourceTree = "<group>"; };
		D5B677111F0EBB8100C62C95 /* IOZPromiseResult.h */ = {isa = PBXFileReference; fileEncoding = 4; lastKnownFileType = sourcecode.c.h; path = IOZPromiseResult.h; sourceTree = "<group>"; };
		D5B677121F0EBB8100C62C95 /* IOZPromiseResult.m */ = {isa = PBXFileReference; fileEncoding = 4; lastKnownFileType = sourcecode.c.objc; path = IOZPromiseResult.m; sourceTree = "<group>"; };
		D5C756001F22B3310006C2FA /* AWRAnalyticsService.h */ = {isa = PBXFileReference; fileEncoding = 4; lastKnownFileType = sourcecode.c.h; path = AWRAnalyticsService.h; sourceTree = "<group>"; };
		D5C756031F22B38D0006C2FA /* AWRAnalytics.h */ = {isa = PBXFileReference; fileEncoding = 4; lastKnownFileType = sourcecode.c.h; path = AWRAnalytics.h; sourceTree = "<group>"; };
		D5C756041F22B38D0006C2FA /* AWRAnalytics.m */ = {isa = PBXFileReference; fileEncoding = 4; lastKnownFileType = sourcecode.c.objc; path = AWRAnalytics.m; sourceTree = "<group>"; };
		D5C756061F22B4540006C2FA /* AWRFabricAnswers.h */ = {isa = PBXFileReference; fileEncoding = 4; lastKnownFileType = sourcecode.c.h; path = AWRFabricAnswers.h; sourceTree = "<group>"; };
		D5C756071F22B4540006C2FA /* AWRFabricAnswers.m */ = {isa = PBXFileReference; fileEncoding = 4; lastKnownFileType = sourcecode.c.objc; path = AWRFabricAnswers.m; sourceTree = "<group>"; };
		D5D759921F127AA50001D6B5 /* AWRAppDeveloperViewState.h */ = {isa = PBXFileReference; fileEncoding = 4; lastKnownFileType = sourcecode.c.h; path = AWRAppDeveloperViewState.h; sourceTree = "<group>"; };
		D5D759931F127AA50001D6B5 /* AWRAppDeveloperViewState.m */ = {isa = PBXFileReference; fileEncoding = 4; lastKnownFileType = sourcecode.c.objc; path = AWRAppDeveloperViewState.m; sourceTree = "<group>"; };
		D5D759941F127AA50001D6B5 /* AWRAppInfoViewState.h */ = {isa = PBXFileReference; fileEncoding = 4; lastKnownFileType = sourcecode.c.h; path = AWRAppInfoViewState.h; sourceTree = "<group>"; };
		D5D759951F127AA50001D6B5 /* AWRAppInfoViewState.m */ = {isa = PBXFileReference; fileEncoding = 4; lastKnownFileType = sourcecode.c.objc; path = AWRAppInfoViewState.m; sourceTree = "<group>"; };
		D5D759961F127AA50001D6B5 /* AWRLicenseViewState.h */ = {isa = PBXFileReference; fileEncoding = 4; lastKnownFileType = sourcecode.c.h; path = AWRLicenseViewState.h; sourceTree = "<group>"; };
		D5D759971F127AA50001D6B5 /* AWRLicenseViewState.m */ = {isa = PBXFileReference; fileEncoding = 4; lastKnownFileType = sourcecode.c.objc; path = AWRLicenseViewState.m; sourceTree = "<group>"; };
		D5D759981F127AA50001D6B5 /* AWRNowPlayingViewState.h */ = {isa = PBXFileReference; fileEncoding = 4; lastKnownFileType = sourcecode.c.h; path = AWRNowPlayingViewState.h; sourceTree = "<group>"; };
		D5D759991F127AA50001D6B5 /* AWRNowPlayingViewState.m */ = {isa = PBXFileReference; fileEncoding = 4; lastKnownFileType = sourcecode.c.objc; path = AWRNowPlayingViewState.m; sourceTree = "<group>"; };
/* End PBXFileReference section */

/* Begin PBXFrameworksBuildPhase section */
		0181E7D41D8C905B008E21C5 /* Frameworks */ = {
			isa = PBXFrameworksBuildPhase;
			buildActionMask = 2147483647;
			files = (
				01D2BD0C1D9B00D900632C08 /* QuartzCore.framework in Frameworks */,
				D545F0371F12E5DA00462242 /* TwitterKit.framework in Frameworks */,
				D5B677041F0EBAD600C62C95 /* IOZPromise.framework in Frameworks */,
				01DE2E821D9601C1003E604E /* Accelerate.framework in Frameworks */,
				0181E7FF1D8C9EB1008E21C5 /* Crashlytics.framework in Frameworks */,
				D545F0361F12E5DA00462242 /* TwitterCore.framework in Frameworks */,
				0181E7FE1D8C9EB1008E21C5 /* Fabric.framework in Frameworks */,
				0181E8021D8CADE8008E21C5 /* Bolts.framework in Frameworks */,
				0181E8031D8CADE8008E21C5 /* Parse.framework in Frameworks */,
				D567249B1F0EB61500B7CF80 /* ArcanosMetadataAPI.framework in Frameworks */,
			);
			runOnlyForDeploymentPostprocessing = 0;
		};
		D531D4AA1F21478100A78658 /* Frameworks */ = {
			isa = PBXFrameworksBuildPhase;
			buildActionMask = 2147483647;
			files = (
				D531D4B81F214AAB00A78658 /* KIF.framework in Frameworks */,
				D531D4B91F214AB200A78658 /* SimulatorStatusMagiciOS.framework in Frameworks */,
			);
			runOnlyForDeploymentPostprocessing = 0;
		};
		D56724901F0EB61400B7CF80 /* Frameworks */ = {
			isa = PBXFrameworksBuildPhase;
			buildActionMask = 2147483647;
			files = (
				D5018FAE1F0ED2CD00C7F7D1 /* IOZPromise.framework in Frameworks */,
				D5018F7A1F0EC26900C7F7D1 /* Bolts.framework in Frameworks */,
				D5018F7B1F0EC26900C7F7D1 /* Parse.framework in Frameworks */,
			);
			runOnlyForDeploymentPostprocessing = 0;
		};
		D5B676F91F0EBAD600C62C95 /* Frameworks */ = {
			isa = PBXFrameworksBuildPhase;
			buildActionMask = 2147483647;
			files = (
			);
			runOnlyForDeploymentPostprocessing = 0;
		};
/* End PBXFrameworksBuildPhase section */

/* Begin PBXGroup section */
		012582B51D91F216002C4E93 /* Coordinator */ = {
			isa = PBXGroup;
			children = (
				012582B61D91F2EA002C4E93 /* AWRAppCoordinator.h */,
				012582B71D91F2EA002C4E93 /* AWRAppCoordinator.m */,
				01DBE4971D8CB2C4003B2100 /* AWRNowPlayingCoordinator.h */,
				01DBE4951D8CB2C4003B2100 /* AWRNowPlayingCoordinator.m */,
				018E2D101DBD00F00035455B /* AWRHelpCoordinator.h */,
				018E2D111DBD00F00035455B /* AWRHelpCoordinator.m */,
			);
			path = Coordinator;
			sourceTree = "<group>";
		};
		0181E7CE1D8C905B008E21C5 = {
			isa = PBXGroup;
			children = (
				0181E7D91D8C905B008E21C5 /* ArcanosRadio */,
				D56724951F0EB61500B7CF80 /* ArcanosMetadataAPI */,
				D5B676FE1F0EBAD600C62C95 /* IOZPromise */,
				D531D4AE1F21478100A78658 /* ArcanosRadioScreenshot */,
				0181E7FB1D8C9E83008E21C5 /* Frameworks */,
				0181E7D81D8C905B008E21C5 /* Products */,
			);
			sourceTree = "<group>";
		};
		0181E7D81D8C905B008E21C5 /* Products */ = {
			isa = PBXGroup;
			children = (
				0181E7D71D8C905B008E21C5 /* Arcanos Radio.app */,
				D56724941F0EB61400B7CF80 /* ArcanosMetadataAPI.framework */,
				D5B676FD1F0EBAD600C62C95 /* IOZPromise.framework */,
				D531D4AD1F21478100A78658 /* ArcanosRadioScreenshot.xctest */,
			);
			name = Products;
			sourceTree = "<group>";
		};
		0181E7D91D8C905B008E21C5 /* ArcanosRadio */ = {
			isa = PBXGroup;
			children = (
				018E2CCF1DBC31130035455B /* Acknowledgements */,
				D5C755FF1F22B3120006C2FA /* Analytics */,
				01DE2E7D1D95FC0B003E604E /* BaseLibrary */,
				0181E7F11D8C90BA008E21C5 /* Bootstrap */,
				0181E7F31D8C9374008E21C5 /* Controller */,
				012582B51D91F216002C4E93 /* Coordinator */,
				0181E8051D8CB095008E21C5 /* LiveQuery */,
				0181E7F61D8C93D5008E21C5 /* Media */,
				0181E7F21D8C9360008E21C5 /* View */,
				D5D759911F127A640001D6B5 /* ViewState */,
			);
			path = ArcanosRadio;
			sourceTree = "<group>";
		};
		0181E7F11D8C90BA008E21C5 /* Bootstrap */ = {
			isa = PBXGroup;
			children = (
				0181E8061D8CB0ED008E21C5 /* AWRConstants.h */,
				0181E8071D8CB0ED008E21C5 /* AWRConstants.m */,
				0181E8081D8CB0ED008E21C5 /* PrefixHeader.pch */,
				0181E7EB1D8C905B008E21C5 /* Info.plist */,
				0181E7E61D8C905B008E21C5 /* Assets.xcassets */,
				0181E7DB1D8C905B008E21C5 /* main.m */,
				0181E7DD1D8C905B008E21C5 /* AppDelegate.h */,
				0181E7DE1D8C905B008E21C5 /* AppDelegate.m */,
				016500E81DB2D04900B32C0A /* Localizable.strings */,
				016500EE1DB2EFBD00B32C0A /* Settings.bundle */,
			);
			path = Bootstrap;
			sourceTree = "<group>";
		};
		0181E7F21D8C9360008E21C5 /* View */ = {
			isa = PBXGroup;
			children = (
				D545F02F1F12DE6600462242 /* AWRScrollView.h */,
				D545F0301F12DE6600462242 /* AWRScrollView.m */,
				016501001DB3516400B32C0A /* AWRColorToolkit.h */,
				016501011DB3516400B32C0A /* AWRColorToolkit.m */,
				01FB393A1DAC607A00EBC99D /* AWRMergeImageView.h */,
				01FB393B1DAC607A00EBC99D /* AWRMergeImageView.m */,
				01FB39331DAC592B00EBC99D /* AWRNowPlayingHeaderView.xib */,
				01FB39361DAC596800EBC99D /* AWRNowPlayingHeaderView.h */,
				01FB39371DAC596800EBC99D /* AWRNowPlayingHeaderView.m */,
				0181E8301D8CB177008E21C5 /* AWRNowPlayingView.xib */,
				0181E8311D8CB177008E21C5 /* AWRNowPlayingView.h */,
				0181E8321D8CB177008E21C5 /* AWRNowPlayingView.m */,
				0181E7F81D8C9663008E21C5 /* SplashView.xib */,
				01FB39461DACC7BA00EBC99D /* AWRAvatarImageView.h */,
				01FB39471DACC7BA00EBC99D /* AWRAvatarImageView.m */,
				016500DF1DB1E79B00B32C0A /* AWRMenuView.h */,
				016500E01DB1E79B00B32C0A /* AWRMenuView.m */,
				016500F11DB3374500B32C0A /* AWRAboutView.xib */,
				016500F41DB337A100B32C0A /* AWRAboutView.h */,
				016500F51DB337A100B32C0A /* AWRAboutView.m */,
				018E2D141DBD48960035455B /* AWRVersionTableViewCell.xib */,
				018E2D171DBD48B30035455B /* AWRVersionTableViewCell.h */,
				018E2D181DBD48B30035455B /* AWRVersionTableViewCell.m */,
				018E2CEB1DBC70D90035455B /* AWRDeveloperInfoTableViewCell.xib */,
				018E2CEE1DBC720A0035455B /* AWRDeveloperInfoTableViewCell.h */,
				018E2CEF1DBC720A0035455B /* AWRDeveloperInfoTableViewCell.m */,
				018E2CFA1DBC7DBC0035455B /* AWRAppLinkInfoTableViewCell.xib */,
				018E2CFD1DBC7DD00035455B /* AWRAppLinkInfoTableViewCell.h */,
				018E2CFE1DBC7DD00035455B /* AWRAppLinkInfoTableViewCell.m */,
				018E2D011DBCCD950035455B /* AWRLicenseView.xib */,
				018E2D041DBCCF220035455B /* AWRLicenseView.h */,
				018E2D051DBCCF220035455B /* AWRLicenseView.m */,
				013784E01DEE2AC4006EC13E /* AWRTwitterView.xib */,
				01419A181E15E111008FDBDB /* AWRTwitterView.h */,
				01419A191E15E111008FDBDB /* AWRTwitterView.m */,
			);
			path = View;
			sourceTree = "<group>";
		};
		0181E7F31D8C9374008E21C5 /* Controller */ = {
			isa = PBXGroup;
			children = (
				018E2CC31DBC1CF50035455B /* AWRViewController.h */,
				018E2CC41DBC1CF50035455B /* AWRViewController.m */,
				01DBE4961D8CB2C4003B2100 /* AWRNowPlayingController.h */,
				01DBE4941D8CB2C4003B2100 /* AWRNowPlayingController.m */,
				01DD77301DE997DF006E82B3 /* AWRControlCenterController.h */,
				01DD77311DE997DF006E82B3 /* AWRControlCenterController.m */,
				016500F81DB3383700B32C0A /* AWRAboutController.h */,
				016500F91DB3383700B32C0A /* AWRAboutController.m */,
				018E2D0C1DBCD8670035455B /* AWRLicenseController.h */,
				018E2D0D1DBCD8670035455B /* AWRLicenseController.m */,
				01DD77281DE985EB006E82B3 /* AWRCrashReportController.h */,
				01DD77291DE985EB006E82B3 /* AWRCrashReportController.m */,
				01DD772C1DE992BB006E82B3 /* AWRShareViewController.h */,
				01DD772D1DE992BB006E82B3 /* AWRShareViewController.m */,
				013784DC1DEE2A86006EC13E /* AWRTwitterViewController.h */,
				013784DD1DEE2A86006EC13E /* AWRTwitterViewController.m */,
			);
			path = Controller;
			sourceTree = "<group>";
		};
		0181E7F61D8C93D5008E21C5 /* Media */ = {
			isa = PBXGroup;
			children = (
				0181E8161D8CB14D008E21C5 /* AWRArcanosMediaPlayer.h */,
				0181E8171D8CB14D008E21C5 /* AWRArcanosMediaPlayer.m */,
			);
			path = Media;
			sourceTree = "<group>";
		};
		0181E7FB1D8C9E83008E21C5 /* Frameworks */ = {
			isa = PBXGroup;
			children = (
				D531D4BF1F215A4500A78658 /* FBSnapshotTestCase.framework */,
				D531D4B71F214AAB00A78658 /* KIF.framework */,
				D545F0321F12E5DA00462242 /* TwitterCore.framework */,
				D545F0331F12E5DA00462242 /* TwitterKit.framework */,
				D545F0341F12E5DA00462242 /* TwitterKitResources.bundle */,
				D545F0351F12E5DA00462242 /* TwitterShareExtensionUIResources.bundle */,
				01673C7A1DCFAD2E000B14CE /* SimulatorStatusMagiciOS.framework */,
				01D2BD0B1D9B00D900632C08 /* QuartzCore.framework */,
				01DE2E811D9601C1003E604E /* Accelerate.framework */,
				0181E8001D8CADE8008E21C5 /* Bolts.framework */,
				0181E8011D8CADE8008E21C5 /* Parse.framework */,
				0181E7FC1D8C9EB1008E21C5 /* Fabric.framework */,
				0181E7FD1D8C9EB1008E21C5 /* Crashlytics.framework */,
			);
			path = Frameworks;
			sourceTree = "<group>";
		};
		0181E8051D8CB095008E21C5 /* LiveQuery */ = {
			isa = PBXGroup;
			children = (
			);
			path = LiveQuery;
			sourceTree = "<group>";
		};
		018E2CCF1DBC31130035455B /* Acknowledgements */ = {
			isa = PBXGroup;
			children = (
				018E2CE11DBC376A0035455B /* Acknowledgements.plist */,
				018E2CD01DBC31130035455B /* licenses */,
			);
			path = Acknowledgements;
			sourceTree = "<group>";
		};
		018E2CD01DBC31130035455B /* licenses */ = {
			isa = PBXGroup;
			children = (
				018E2CD21DBC31130035455B /* genLicense.pl */,
			);
			path = licenses;
			sourceTree = "<group>";
		};
		01DE2E7D1D95FC0B003E604E /* BaseLibrary */ = {
			isa = PBXGroup;
			children = (
				01DE2E7E1D95FCA3003E604E /* FXBlurView.h */,
				01DE2E7F1D95FCA3003E604E /* FXBlurView.m */,
				01FB393E1DACABC000EBC99D /* UIView+Utils.h */,
				01FB393F1DACABC000EBC99D /* UIView+Utils.m */,
				01FB39421DACB9D600EBC99D /* UIImage+Resize.h */,
				01FB39431DACB9D600EBC99D /* UIImage+Resize.m */,
				0151BAD71DC0FA4E00736A79 /* AWRMenuPanGestureRecognizer.h */,
				0151BAD81DC0FA4E00736A79 /* AWRMenuPanGestureRecognizer.m */,
				01DD773B1DEA5D83006E82B3 /* NSArray+Functional.h */,
				01DD773C1DEA5D83006E82B3 /* NSArray+Functional.m */,
			);
			path = BaseLibrary;
			sourceTree = "<group>";
		};
		D5018F7D1F0EC37600C7F7D1 /* Parse */ = {
			isa = PBXGroup;
			children = (
				D5018F7E1F0EC37600C7F7D1 /* AWRArtistParse.h */,
				D5018F7F1F0EC37600C7F7D1 /* AWRArtistParse.m */,
				D5018F801F0EC37600C7F7D1 /* AWRPlaylistParse.h */,
				D5018F811F0EC37600C7F7D1 /* AWRPlaylistParse.m */,
				D5018F821F0EC37600C7F7D1 /* AWRSongParse.h */,
				D5018F831F0EC37600C7F7D1 /* AWRSongParse.m */,
				D5018F841F0EC37600C7F7D1 /* PFFile+AWRFile.h */,
				D5018F851F0EC37600C7F7D1 /* PFFile+AWRFile.m */,
			);
			path = Parse;
			sourceTree = "<group>";
		};
		D5018F8E1F0EC51000C7F7D1 /* BoltsPromise */ = {
			isa = PBXGroup;
			children = (
				D5018F8F1F0EC5AA00C7F7D1 /* BFTask+IOZPromise.h */,
				D5018F901F0EC5AA00C7F7D1 /* BFTask+IOZPromise.m */,
			);
			path = BoltsPromise;
			sourceTree = "<group>";
		};
		D5018F931F0EC65700C7F7D1 /* Service */ = {
			isa = PBXGroup;
			children = (
				D5018F941F0EC65700C7F7D1 /* AWRMetadataFactory.h */,
				D5018F951F0EC65700C7F7D1 /* AWRMetadataFactory.m */,
				D5018F961F0EC65700C7F7D1 /* AWRMetadataPoolingService.h */,
				D5018F971F0EC65700C7F7D1 /* AWRMetadataPoolingService.m */,
				D5018F981F0EC65700C7F7D1 /* AWRMetadataService.h */,
				D5018F991F0EC65700C7F7D1 /* AWRMetadataServiceDelegate.h */,
				D5018F9A1F0EC65700C7F7D1 /* AWRMetadataServiceMulticastDelegate.h */,
				D5018F9B1F0EC65700C7F7D1 /* AWRMetadataServiceMulticastDelegate.m */,
				D5018F9C1F0EC65700C7F7D1 /* AWRMetadataStore.h */,
				D5018F9D1F0EC65700C7F7D1 /* AWRParseMetadataStore.h */,
				D5018F9E1F0EC65700C7F7D1 /* AWRParseMetadataStore.m */,
				D5018F9F1F0EC65700C7F7D1 /* AWRReachability.h */,
				D5018FA01F0EC65700C7F7D1 /* AWRReachability.m */,
			);
			path = Service;
			sourceTree = "<group>";
		};
		D531D4AE1F21478100A78658 /* ArcanosRadioScreenshot */ = {
			isa = PBXGroup;
			children = (
				D531D4AF1F21478100A78658 /* ArcanosRadioScreenshot.m */,
				D531D4B11F21478100A78658 /* Info.plist */,
				D531D4BA1F214D1400A78658 /* KIFUITestActor+EXAdditions.h */,
				D531D4BB1F214D1400A78658 /* KIFUITestActor+EXAdditions.m */,
			);
			path = ArcanosRadioScreenshot;
			sourceTree = "<group>";
		};
		D56724951F0EB61500B7CF80 /* ArcanosMetadataAPI */ = {
			isa = PBXGroup;
			children = (
				D5018F8E1F0EC51000C7F7D1 /* BoltsPromise */,
				D5B676D41F0EB84100C62C95 /* Model */,
				D5018F931F0EC65700C7F7D1 /* Service */,
				D56724961F0EB61500B7CF80 /* ArcanosMetadataAPI.h */,
				D56724971F0EB61500B7CF80 /* Info.plist */,
			);
			path = ArcanosMetadataAPI;
			sourceTree = "<group>";
		};
		D5B676D41F0EB84100C62C95 /* Model */ = {
			isa = PBXGroup;
			children = (
				D5018F7D1F0EC37600C7F7D1 /* Parse */,
				D5B676D51F0EB84600C62C95 /* Protocol */,
			);
			path = Model;
			sourceTree = "<group>";
		};
		D5B676D51F0EB84600C62C95 /* Protocol */ = {
			isa = PBXGroup;
			children = (
				D5B676D71F0EB87F00C62C95 /* AWRArtist.h */,
				D5B676D21F0EB83000C62C95 /* AWREntity.h */,
				D5B676D61F0EB86A00C62C95 /* AWRFile.h */,
				D5B676D81F0EB89000C62C95 /* AWRPlaylist.h */,
				D5B676D91F0EB8A700C62C95 /* AWRSong.h */,
			);
			path = Protocol;
			sourceTree = "<group>";
		};
		D5B676FE1F0EBAD600C62C95 /* IOZPromise */ = {
			isa = PBXGroup;
			children = (
				D5B676FF1F0EBAD600C62C95 /* IOZPromise.h */,
				D5B677101F0EBB8100C62C95 /* IOZPromiseProtocol.h */,
				D5B677091F0EBB8100C62C95 /* NSError+IOZPromise.h */,
				D5B6770A1F0EBB8100C62C95 /* NSError+IOZPromise.m */,
				D5B6770B1F0EBB8100C62C95 /* NSObject+IOZPromise.h */,
				D5B6770C1F0EBB8100C62C95 /* NSObject+IOZPromise.m */,
				D5B6770D1F0EBB8100C62C95 /* IOZNoMorePromises.h */,
				D5B6770E1F0EBB8100C62C95 /* IOZNoMorePromises.m */,
				D5B677111F0EBB8100C62C95 /* IOZPromiseResult.h */,
				D5B677121F0EBB8100C62C95 /* IOZPromiseResult.m */,
				D5B677001F0EBAD600C62C95 /* Info.plist */,
			);
			path = IOZPromise;
			sourceTree = "<group>";
		};
		D5C755FF1F22B3120006C2FA /* Analytics */ = {
			isa = PBXGroup;
			children = (
				D5C756001F22B3310006C2FA /* AWRAnalyticsService.h */,
				D5C756031F22B38D0006C2FA /* AWRAnalytics.h */,
				D5C756041F22B38D0006C2FA /* AWRAnalytics.m */,
				D5C756061F22B4540006C2FA /* AWRFabricAnswers.h */,
				D5C756071F22B4540006C2FA /* AWRFabricAnswers.m */,
			);
			path = Analytics;
			sourceTree = "<group>";
		};
		D5D759911F127A640001D6B5 /* ViewState */ = {
			isa = PBXGroup;
			children = (
				D5D759921F127AA50001D6B5 /* AWRAppDeveloperViewState.h */,
				D5D759931F127AA50001D6B5 /* AWRAppDeveloperViewState.m */,
				D5D759941F127AA50001D6B5 /* AWRAppInfoViewState.h */,
				D5D759951F127AA50001D6B5 /* AWRAppInfoViewState.m */,
				D5D759961F127AA50001D6B5 /* AWRLicenseViewState.h */,
				D5D759971F127AA50001D6B5 /* AWRLicenseViewState.m */,
				D5D759981F127AA50001D6B5 /* AWRNowPlayingViewState.h */,
				D5D759991F127AA50001D6B5 /* AWRNowPlayingViewState.m */,
			);
			path = ViewState;
			sourceTree = "<group>";
		};
/* End PBXGroup section */

/* Begin PBXHeadersBuildPhase section */
		D56724911F0EB61400B7CF80 /* Headers */ = {
			isa = PBXHeadersBuildPhase;
			buildActionMask = 2147483647;
			files = (
				D5B676E21F0EB8B400C62C95 /* AWRSong.h in Headers */,
				D5018FA11F0EC65700C7F7D1 /* AWRMetadataFactory.h in Headers */,
				D5018FA51F0EC65700C7F7D1 /* AWRMetadataService.h in Headers */,
				D5B676DF1F0EB8B400C62C95 /* AWRFile.h in Headers */,
				D5B676DE1F0EB8B400C62C95 /* AWREntity.h in Headers */,
				D5B676E01F0EB8B400C62C95 /* AWRArtist.h in Headers */,
				D56724981F0EB61500B7CF80 /* ArcanosMetadataAPI.h in Headers */,
				D5018F8C1F0EC37600C7F7D1 /* PFFile+AWRFile.h in Headers */,
				D5018FA91F0EC65700C7F7D1 /* AWRMetadataStore.h in Headers */,
				D5018FA71F0EC65700C7F7D1 /* AWRMetadataServiceMulticastDelegate.h in Headers */,
				D5018F911F0EC5AA00C7F7D1 /* BFTask+IOZPromise.h in Headers */,
				D5B676E11F0EB8B400C62C95 /* AWRPlaylist.h in Headers */,
				D5018F861F0EC37600C7F7D1 /* AWRArtistParse.h in Headers */,
				D5018FAC1F0EC65700C7F7D1 /* AWRReachability.h in Headers */,
				D5018F8A1F0EC37600C7F7D1 /* AWRSongParse.h in Headers */,
				D5018FA61F0EC65700C7F7D1 /* AWRMetadataServiceDelegate.h in Headers */,
				D5018FA31F0EC65700C7F7D1 /* AWRMetadataPoolingService.h in Headers */,
				D5018FAA1F0EC65700C7F7D1 /* AWRParseMetadataStore.h in Headers */,
				D5018F881F0EC37600C7F7D1 /* AWRPlaylistParse.h in Headers */,
			);
			runOnlyForDeploymentPostprocessing = 0;
		};
		D5B676FA1F0EBAD600C62C95 /* Headers */ = {
			isa = PBXHeadersBuildPhase;
			buildActionMask = 2147483647;
			files = (
				D5B677131F0EBB8100C62C95 /* NSError+IOZPromise.h in Headers */,
				D5B6771B1F0EBB8100C62C95 /* IOZPromiseResult.h in Headers */,
				D5B677151F0EBB8100C62C95 /* NSObject+IOZPromise.h in Headers */,
				D5B677171F0EBB8100C62C95 /* IOZNoMorePromises.h in Headers */,
				D5B6771A1F0EBB8100C62C95 /* IOZPromiseProtocol.h in Headers */,
				D5B677011F0EBAD600C62C95 /* IOZPromise.h in Headers */,
			);
			runOnlyForDeploymentPostprocessing = 0;
		};
/* End PBXHeadersBuildPhase section */

/* Begin PBXNativeTarget section */
		0181E7D61D8C905B008E21C5 /* ArcanosRadio */ = {
			isa = PBXNativeTarget;
			buildConfigurationList = 0181E7EE1D8C905B008E21C5 /* Build configuration list for PBXNativeTarget "ArcanosRadio" */;
			buildPhases = (
				D5C755FE1F22AE950006C2FA /* Lint */,
				0181E7D31D8C905B008E21C5 /* Sources */,
				0181E7D41D8C905B008E21C5 /* Frameworks */,
				0181E7D51D8C905B008E21C5 /* Resources */,
				0181E8041D8CAE36008E21C5 /* Carthage Copy Frameworks */,
				0181E7FA1D8C9E37008E21C5 /* Inject Crashlytics Credentials */,
				D56724A01F0EB61500B7CF80 /* Embed Frameworks */,
			);
			buildRules = (
			);
			dependencies = (
				D567249A1F0EB61500B7CF80 /* PBXTargetDependency */,
				D5B677031F0EBAD600C62C95 /* PBXTargetDependency */,
			);
			name = ArcanosRadio;
			productName = ArcanosRadio;
			productReference = 0181E7D71D8C905B008E21C5 /* Arcanos Radio.app */;
			productType = "com.apple.product-type.application";
		};
		D531D4AC1F21478100A78658 /* ArcanosRadioScreenshot */ = {
			isa = PBXNativeTarget;
			buildConfigurationList = D531D4B61F21478100A78658 /* Build configuration list for PBXNativeTarget "ArcanosRadioScreenshot" */;
			buildPhases = (
				D531D4A91F21478100A78658 /* Sources */,
				D531D4AA1F21478100A78658 /* Frameworks */,
				D531D4AB1F21478100A78658 /* Resources */,
				D531D4BE1F21514800A78658 /* Carthage Copy Frameworks */,
			);
			buildRules = (
			);
			dependencies = (
				D531D4B31F21478100A78658 /* PBXTargetDependency */,
			);
			name = ArcanosRadioScreenshot;
			productName = ArcanosRadioScreenshot;
			productReference = D531D4AD1F21478100A78658 /* ArcanosRadioScreenshot.xctest */;
			productType = "com.apple.product-type.bundle.unit-test";
		};
		D56724931F0EB61400B7CF80 /* ArcanosMetadataAPI */ = {
			isa = PBXNativeTarget;
			buildConfigurationList = D567249F1F0EB61500B7CF80 /* Build configuration list for PBXNativeTarget "ArcanosMetadataAPI" */;
			buildPhases = (
				D567248F1F0EB61400B7CF80 /* Sources */,
				D56724901F0EB61400B7CF80 /* Frameworks */,
				D56724911F0EB61400B7CF80 /* Headers */,
				D56724921F0EB61400B7CF80 /* Resources */,
			);
			buildRules = (
			);
			dependencies = (
				D5018FB01F0ED2D100C7F7D1 /* PBXTargetDependency */,
			);
			name = ArcanosMetadataAPI;
			productName = ArcanosMetadataAPI;
			productReference = D56724941F0EB61400B7CF80 /* ArcanosMetadataAPI.framework */;
			productType = "com.apple.product-type.framework";
		};
		D5B676FC1F0EBAD600C62C95 /* IOZPromise */ = {
			isa = PBXNativeTarget;
			buildConfigurationList = D5B677061F0EBAD600C62C95 /* Build configuration list for PBXNativeTarget "IOZPromise" */;
			buildPhases = (
				D5B676F81F0EBAD600C62C95 /* Sources */,
				D5B676F91F0EBAD600C62C95 /* Frameworks */,
				D5B676FA1F0EBAD600C62C95 /* Headers */,
				D5B676FB1F0EBAD600C62C95 /* Resources */,
			);
			buildRules = (
			);
			dependencies = (
			);
			name = IOZPromise;
			productName = IOZPromise;
			productReference = D5B676FD1F0EBAD600C62C95 /* IOZPromise.framework */;
			productType = "com.apple.product-type.framework";
		};
/* End PBXNativeTarget section */

/* Begin PBXProject section */
		0181E7CF1D8C905B008E21C5 /* Project object */ = {
			isa = PBXProject;
			attributes = {
				LastUpgradeCheck = 0900;
				ORGANIZATIONNAME = DeveloperCity;
				TargetAttributes = {
					0181E7D61D8C905B008E21C5 = {
						CreatedOnToolsVersion = 8.0;
						DevelopmentTeam = 7BK8NL3DYL;
						ProvisioningStyle = Manual;
						SystemCapabilities = {
							com.apple.BackgroundModes = {
								enabled = 1;
							};
						};
					};
					D531D4AC1F21478100A78658 = {
						CreatedOnToolsVersion = 8.3.3;
						DevelopmentTeam = 7BK8NL3DYL;
						LastSwiftMigration = 0830;
						ProvisioningStyle = Automatic;
						TestTargetID = 0181E7D61D8C905B008E21C5;
					};
					D56724931F0EB61400B7CF80 = {
						CreatedOnToolsVersion = 9.0;
						ProvisioningStyle = Manual;
					};
					D5B676FC1F0EBAD600C62C95 = {
						CreatedOnToolsVersion = 8.3.3;
						DevelopmentTeam = 7BK8NL3DYL;
						ProvisioningStyle = Manual;
					};
				};
			};
			buildConfigurationList = 0181E7D21D8C905B008E21C5 /* Build configuration list for PBXProject "ArcanosRadio" */;
			compatibilityVersion = "Xcode 3.2";
			developmentRegion = English;
			hasScannedForEncodings = 0;
			knownRegions = (
				en,
				Base,
				"pt-BR",
			);
			mainGroup = 0181E7CE1D8C905B008E21C5;
			productRefGroup = 0181E7D81D8C905B008E21C5 /* Products */;
			projectDirPath = "";
			projectRoot = "";
			targets = (
				0181E7D61D8C905B008E21C5 /* ArcanosRadio */,
				D56724931F0EB61400B7CF80 /* ArcanosMetadataAPI */,
				D5B676FC1F0EBAD600C62C95 /* IOZPromise */,
				D531D4AC1F21478100A78658 /* ArcanosRadioScreenshot */,
			);
		};
/* End PBXProject section */

/* Begin PBXResourcesBuildPhase section */
		0181E7D51D8C905B008E21C5 /* Resources */ = {
			isa = PBXResourcesBuildPhase;
			buildActionMask = 2147483647;
			files = (
				018E2CD61DBC31130035455B /* genLicense.pl in Resources */,
				018E2CEC1DBC70D90035455B /* AWRDeveloperInfoTableViewCell.xib in Resources */,
				018E2D151DBD48960035455B /* AWRVersionTableViewCell.xib in Resources */,
				016500E51DB2D04900B32C0A /* Localizable.strings in Resources */,
				D545F0381F12E5DA00462242 /* TwitterKitResources.bundle in Resources */,
				018E2D021DBCCD950035455B /* AWRLicenseView.xib in Resources */,
				018E2CFB1DBC7DBC0035455B /* AWRAppLinkInfoTableViewCell.xib in Resources */,
				016500F21DB3374500B32C0A /* AWRAboutView.xib in Resources */,
				0181E7E71D8C905B008E21C5 /* Assets.xcassets in Resources */,
				0181E8331D8CB177008E21C5 /* AWRNowPlayingView.xib in Resources */,
				013784E11DEE2AC4006EC13E /* AWRTwitterView.xib in Resources */,
				D545F0391F12E5DA00462242 /* TwitterShareExtensionUIResources.bundle in Resources */,
				01FB39341DAC592B00EBC99D /* AWRNowPlayingHeaderView.xib in Resources */,
				016500EF1DB2EFBD00B32C0A /* Settings.bundle in Resources */,
				0181E7F91D8C9663008E21C5 /* SplashView.xib in Resources */,
				018E2CE21DBC376A0035455B /* Acknowledgements.plist in Resources */,
			);
			runOnlyForDeploymentPostprocessing = 0;
		};
		D531D4AB1F21478100A78658 /* Resources */ = {
			isa = PBXResourcesBuildPhase;
			buildActionMask = 2147483647;
			files = (
			);
			runOnlyForDeploymentPostprocessing = 0;
		};
		D56724921F0EB61400B7CF80 /* Resources */ = {
			isa = PBXResourcesBuildPhase;
			buildActionMask = 2147483647;
			files = (
			);
			runOnlyForDeploymentPostprocessing = 0;
		};
		D5B676FB1F0EBAD600C62C95 /* Resources */ = {
			isa = PBXResourcesBuildPhase;
			buildActionMask = 2147483647;
			files = (
			);
			runOnlyForDeploymentPostprocessing = 0;
		};
/* End PBXResourcesBuildPhase section */

/* Begin PBXShellScriptBuildPhase section */
		0181E7FA1D8C9E37008E21C5 /* Inject Crashlytics Credentials */ = {
			isa = PBXShellScriptBuildPhase;
			buildActionMask = 2147483647;
			files = (
			);
			inputPaths = (
			);
			name = "Inject Crashlytics Credentials";
			outputPaths = (
			);
			runOnlyForDeploymentPostprocessing = 0;
			shellPath = /bin/sh;
			shellScript = "source ${SRCROOT}/fastlane/env_vars.properties\n\n./Frameworks/Fabric.framework/run ${CRASHLYTICS_API_TOKEN} ${CRASHLYTICS_BUILD_SECRET}";
		};
		0181E8041D8CAE36008E21C5 /* Carthage Copy Frameworks */ = {
			isa = PBXShellScriptBuildPhase;
			buildActionMask = 2147483647;
			files = (
			);
			inputPaths = (
				"$(SRCROOT)/Frameworks/Carthage/Build/iOS/Bolts.framework",
				"$(SRCROOT)/Frameworks/Carthage/Build/iOS/Parse.framework",
			);
			name = "Carthage Copy Frameworks";
			outputPaths = (
			);
			runOnlyForDeploymentPostprocessing = 0;
			shellPath = /bin/sh;
			shellScript = "/usr/local/bin/carthage copy-frameworks";
		};
		D531D4BE1F21514800A78658 /* Carthage Copy Frameworks */ = {
			isa = PBXShellScriptBuildPhase;
			buildActionMask = 2147483647;
			files = (
			);
			inputPaths = (
				"$(SRCROOT)/Frameworks/Carthage/Build/iOS/KIF.framework",
				"$(SRCROOT)/Frameworks/Carthage/Build/iOS/SimulatorStatusMagiciOS.framework",
			);
			name = "Carthage Copy Frameworks";
			outputPaths = (
			);
			runOnlyForDeploymentPostprocessing = 0;
			shellPath = /bin/sh;
			shellScript = "/usr/local/bin/carthage copy-frameworks";
		};
		D5C755FE1F22AE950006C2FA /* Lint */ = {
			isa = PBXShellScriptBuildPhase;
			buildActionMask = 2147483647;
			files = (
			);
			inputPaths = (
			);
			name = Lint;
			outputPaths = (
			);
			runOnlyForDeploymentPostprocessing = 0;
			shellPath = /bin/sh;
			shellScript = "cd ${SRCROOT}\nTools/lint.sh";
		};
/* End PBXShellScriptBuildPhase section */

/* Begin PBXSourcesBuildPhase section */
		0181E7D31D8C905B008E21C5 /* Sources */ = {
			isa = PBXSourcesBuildPhase;
			buildActionMask = 2147483647;
			files = (
				01DD772E1DE992BB006E82B3 /* AWRShareViewController.m in Sources */,
				01DBE4991D8CB2C4003B2100 /* AWRNowPlayingCoordinator.m in Sources */,
				01FB39381DAC596800EBC99D /* AWRNowPlayingHeaderView.m in Sources */,
				0181E8181D8CB14D008E21C5 /* AWRArcanosMediaPlayer.m in Sources */,
				D5D7599C1F127AA50001D6B5 /* AWRLicenseViewState.m in Sources */,
				D5D7599A1F127AA50001D6B5 /* AWRAppDeveloperViewState.m in Sources */,
				0181E7DF1D8C905B008E21C5 /* AppDelegate.m in Sources */,
				013784DE1DEE2A86006EC13E /* AWRTwitterViewController.m in Sources */,
				D5C756081F22B4540006C2FA /* AWRFabricAnswers.m in Sources */,
				018E2CC51DBC1CF50035455B /* AWRViewController.m in Sources */,
				01FB393C1DAC607A00EBC99D /* AWRMergeImageView.m in Sources */,
				0151BAD91DC0FA4E00736A79 /* AWRMenuPanGestureRecognizer.m in Sources */,
				0181E7DC1D8C905B008E21C5 /* main.m in Sources */,
				0181E8091D8CB0ED008E21C5 /* AWRConstants.m in Sources */,
				D5D7599D1F127AA50001D6B5 /* AWRNowPlayingViewState.m in Sources */,
				01DBE4981D8CB2C4003B2100 /* AWRNowPlayingController.m in Sources */,
				D5D7599B1F127AA50001D6B5 /* AWRAppInfoViewState.m in Sources */,
				01DE2E801D95FCA3003E604E /* FXBlurView.m in Sources */,
				01DD77321DE997DF006E82B3 /* AWRControlCenterController.m in Sources */,
				01DD772A1DE985EB006E82B3 /* AWRCrashReportController.m in Sources */,
				01FB39401DACABC000EBC99D /* UIView+Utils.m in Sources */,
				012582B81D91F2EA002C4E93 /* AWRAppCoordinator.m in Sources */,
				018E2CF01DBC720A0035455B /* AWRDeveloperInfoTableViewCell.m in Sources */,
				0181E8341D8CB177008E21C5 /* AWRNowPlayingView.m in Sources */,
				016500FA1DB3383700B32C0A /* AWRAboutController.m in Sources */,
				D5C756051F22B38D0006C2FA /* AWRAnalytics.m in Sources */,
				018E2CFF1DBC7DD00035455B /* AWRAppLinkInfoTableViewCell.m in Sources */,
				01DD773D1DEA5D83006E82B3 /* NSArray+Functional.m in Sources */,
				018E2D121DBD00F00035455B /* AWRHelpCoordinator.m in Sources */,
				018E2D0E1DBCD8670035455B /* AWRLicenseController.m in Sources */,
				016500E11DB1E79B00B32C0A /* AWRMenuView.m in Sources */,
				016500F61DB337A100B32C0A /* AWRAboutView.m in Sources */,
				D545F0311F12DE6600462242 /* AWRScrollView.m in Sources */,
				01FB39481DACC7BA00EBC99D /* AWRAvatarImageView.m in Sources */,
				018E2D061DBCCF220035455B /* AWRLicenseView.m in Sources */,
				016501021DB3516400B32C0A /* AWRColorToolkit.m in Sources */,
				01FB39441DACB9D600EBC99D /* UIImage+Resize.m in Sources */,
				01419A1A1E15E111008FDBDB /* AWRTwitterView.m in Sources */,
				018E2D191DBD48B30035455B /* AWRVersionTableViewCell.m in Sources */,
			);
			runOnlyForDeploymentPostprocessing = 0;
		};
		D531D4A91F21478100A78658 /* Sources */ = {
			isa = PBXSourcesBuildPhase;
			buildActionMask = 2147483647;
			files = (
				D531D4BC1F214D1400A78658 /* KIFUITestActor+EXAdditions.m in Sources */,
				D531D4B01F21478100A78658 /* ArcanosRadioScreenshot.m in Sources */,
			);
			runOnlyForDeploymentPostprocessing = 0;
		};
		D567248F1F0EB61400B7CF80 /* Sources */ = {
			isa = PBXSourcesBuildPhase;
			buildActionMask = 2147483647;
			files = (
				D5018F891F0EC37600C7F7D1 /* AWRPlaylistParse.m in Sources */,
				D5018FAB1F0EC65700C7F7D1 /* AWRParseMetadataStore.m in Sources */,
				D5018F871F0EC37600C7F7D1 /* AWRArtistParse.m in Sources */,
				D5018FA41F0EC65700C7F7D1 /* AWRMetadataPoolingService.m in Sources */,
				D5018FA21F0EC65700C7F7D1 /* AWRMetadataFactory.m in Sources */,
				D5018F8D1F0EC37600C7F7D1 /* PFFile+AWRFile.m in Sources */,
				D5018FA81F0EC65700C7F7D1 /* AWRMetadataServiceMulticastDelegate.m in Sources */,
				D5018F921F0EC5AA00C7F7D1 /* BFTask+IOZPromise.m in Sources */,
				D5018F8B1F0EC37600C7F7D1 /* AWRSongParse.m in Sources */,
				D5018FAD1F0EC65700C7F7D1 /* AWRReachability.m in Sources */,
			);
			runOnlyForDeploymentPostprocessing = 0;
		};
		D5B676F81F0EBAD600C62C95 /* Sources */ = {
			isa = PBXSourcesBuildPhase;
			buildActionMask = 2147483647;
			files = (
				D5B677181F0EBB8100C62C95 /* IOZNoMorePromises.m in Sources */,
				D5B677141F0EBB8100C62C95 /* NSError+IOZPromise.m in Sources */,
				D5B6771C1F0EBB8100C62C95 /* IOZPromiseResult.m in Sources */,
				D5B677161F0EBB8100C62C95 /* NSObject+IOZPromise.m in Sources */,
			);
			runOnlyForDeploymentPostprocessing = 0;
		};
/* End PBXSourcesBuildPhase section */

/* Begin PBXTargetDependency section */
		D5018FB01F0ED2D100C7F7D1 /* PBXTargetDependency */ = {
			isa = PBXTargetDependency;
			target = D5B676FC1F0EBAD600C62C95 /* IOZPromise */;
			targetProxy = D5018FAF1F0ED2D100C7F7D1 /* PBXContainerItemProxy */;
		};
		D531D4B31F21478100A78658 /* PBXTargetDependency */ = {
			isa = PBXTargetDependency;
			target = 0181E7D61D8C905B008E21C5 /* ArcanosRadio */;
			targetProxy = D531D4B21F21478100A78658 /* PBXContainerItemProxy */;
		};
		D567249A1F0EB61500B7CF80 /* PBXTargetDependency */ = {
			isa = PBXTargetDependency;
			target = D56724931F0EB61400B7CF80 /* ArcanosMetadataAPI */;
			targetProxy = D56724991F0EB61500B7CF80 /* PBXContainerItemProxy */;
		};
		D5B677031F0EBAD600C62C95 /* PBXTargetDependency */ = {
			isa = PBXTargetDependency;
			target = D5B676FC1F0EBAD600C62C95 /* IOZPromise */;
			targetProxy = D5B677021F0EBAD600C62C95 /* PBXContainerItemProxy */;
		};
/* End PBXTargetDependency section */

/* Begin PBXVariantGroup section */
		016500E81DB2D04900B32C0A /* Localizable.strings */ = {
			isa = PBXVariantGroup;
			children = (
				016500E71DB2D04900B32C0A /* Base */,
				016500E91DB2D05200B32C0A /* en */,
				016500EA1DB2D0E300B32C0A /* pt-BR */,
			);
			name = Localizable.strings;
			sourceTree = "<group>";
		};
/* End PBXVariantGroup section */

/* Begin XCBuildConfiguration section */
		0181E7EC1D8C905B008E21C5 /* Debug */ = {
			isa = XCBuildConfiguration;
			buildSettings = {
				ALWAYS_SEARCH_USER_PATHS = NO;
				CLANG_ANALYZER_LOCALIZABILITY_NONLOCALIZED = YES;
				CLANG_ANALYZER_NONNULL = YES;
				CLANG_CXX_LANGUAGE_STANDARD = "gnu++0x";
				CLANG_CXX_LIBRARY = "libc++";
				CLANG_ENABLE_MODULES = YES;
				CLANG_ENABLE_OBJC_ARC = YES;
				CLANG_WARN_BLOCK_CAPTURE_AUTORELEASING = YES;
				CLANG_WARN_BOOL_CONVERSION = YES;
				CLANG_WARN_COMMA = YES;
				CLANG_WARN_CONSTANT_CONVERSION = YES;
				CLANG_WARN_DIRECT_OBJC_ISA_USAGE = YES_ERROR;
				CLANG_WARN_DOCUMENTATION_COMMENTS = YES;
				CLANG_WARN_EMPTY_BODY = YES;
				CLANG_WARN_ENUM_CONVERSION = YES;
				CLANG_WARN_INFINITE_RECURSION = YES;
				CLANG_WARN_INT_CONVERSION = YES;
				CLANG_WARN_NON_LITERAL_NULL_CONVERSION = YES;
				CLANG_WARN_OBJC_LITERAL_CONVERSION = YES;
				CLANG_WARN_OBJC_ROOT_CLASS = YES_ERROR;
				CLANG_WARN_RANGE_LOOP_ANALYSIS = YES;
				CLANG_WARN_STRICT_PROTOTYPES = YES;
				CLANG_WARN_SUSPICIOUS_MOVE = YES;
				CLANG_WARN_SUSPICIOUS_MOVES = YES;
				CLANG_WARN_UNREACHABLE_CODE = YES;
				CLANG_WARN__DUPLICATE_METHOD_MATCH = YES;
				"CODE_SIGN_IDENTITY[sdk=iphoneos*]" = "iPhone Developer";
				COPY_PHASE_STRIP = NO;
				DEBUG_INFORMATION_FORMAT = dwarf;
				ENABLE_STRICT_OBJC_MSGSEND = YES;
				ENABLE_TESTABILITY = YES;
				GCC_C_LANGUAGE_STANDARD = gnu99;
				GCC_DYNAMIC_NO_PIC = NO;
				GCC_NO_COMMON_BLOCKS = YES;
				GCC_OPTIMIZATION_LEVEL = 0;
				GCC_PREPROCESSOR_DEFINITIONS = (
					"DEBUG=1",
					"$(inherited)",
				);
				GCC_WARN_64_TO_32_BIT_CONVERSION = YES;
				GCC_WARN_ABOUT_RETURN_TYPE = YES_ERROR;
				GCC_WARN_UNDECLARED_SELECTOR = YES;
				GCC_WARN_UNINITIALIZED_AUTOS = YES_AGGRESSIVE;
				GCC_WARN_UNUSED_FUNCTION = YES;
				GCC_WARN_UNUSED_VARIABLE = YES;
				IPHONEOS_DEPLOYMENT_TARGET = 9.0;
				MTL_ENABLE_DEBUG_INFO = YES;
				ONLY_ACTIVE_ARCH = YES;
				SDKROOT = iphoneos;
				TARGETED_DEVICE_FAMILY = "1,2";
			};
			name = Debug;
		};
		0181E7ED1D8C905B008E21C5 /* Release */ = {
			isa = XCBuildConfiguration;
			buildSettings = {
				ALWAYS_SEARCH_USER_PATHS = NO;
				CLANG_ANALYZER_LOCALIZABILITY_NONLOCALIZED = YES;
				CLANG_ANALYZER_NONNULL = YES;
				CLANG_CXX_LANGUAGE_STANDARD = "gnu++0x";
				CLANG_CXX_LIBRARY = "libc++";
				CLANG_ENABLE_MODULES = YES;
				CLANG_ENABLE_OBJC_ARC = YES;
				CLANG_WARN_BLOCK_CAPTURE_AUTORELEASING = YES;
				CLANG_WARN_BOOL_CONVERSION = YES;
				CLANG_WARN_COMMA = YES;
				CLANG_WARN_CONSTANT_CONVERSION = YES;
				CLANG_WARN_DIRECT_OBJC_ISA_USAGE = YES_ERROR;
				CLANG_WARN_DOCUMENTATION_COMMENTS = YES;
				CLANG_WARN_EMPTY_BODY = YES;
				CLANG_WARN_ENUM_CONVERSION = YES;
				CLANG_WARN_INFINITE_RECURSION = YES;
				CLANG_WARN_INT_CONVERSION = YES;
				CLANG_WARN_NON_LITERAL_NULL_CONVERSION = YES;
				CLANG_WARN_OBJC_LITERAL_CONVERSION = YES;
				CLANG_WARN_OBJC_ROOT_CLASS = YES_ERROR;
				CLANG_WARN_RANGE_LOOP_ANALYSIS = YES;
				CLANG_WARN_STRICT_PROTOTYPES = YES;
				CLANG_WARN_SUSPICIOUS_MOVE = YES;
				CLANG_WARN_SUSPICIOUS_MOVES = YES;
				CLANG_WARN_UNREACHABLE_CODE = YES;
				CLANG_WARN__DUPLICATE_METHOD_MATCH = YES;
				"CODE_SIGN_IDENTITY[sdk=iphoneos*]" = "iPhone Developer";
				COPY_PHASE_STRIP = NO;
				DEBUG_INFORMATION_FORMAT = "dwarf-with-dsym";
				ENABLE_NS_ASSERTIONS = NO;
				ENABLE_STRICT_OBJC_MSGSEND = YES;
				GCC_C_LANGUAGE_STANDARD = gnu99;
				GCC_NO_COMMON_BLOCKS = YES;
				GCC_WARN_64_TO_32_BIT_CONVERSION = YES;
				GCC_WARN_ABOUT_RETURN_TYPE = YES_ERROR;
				GCC_WARN_UNDECLARED_SELECTOR = YES;
				GCC_WARN_UNINITIALIZED_AUTOS = YES_AGGRESSIVE;
				GCC_WARN_UNUSED_FUNCTION = YES;
				GCC_WARN_UNUSED_VARIABLE = YES;
				IPHONEOS_DEPLOYMENT_TARGET = 9.0;
				MTL_ENABLE_DEBUG_INFO = NO;
				SDKROOT = iphoneos;
				SWIFT_OPTIMIZATION_LEVEL = "-Owholemodule";
				TARGETED_DEVICE_FAMILY = "1,2";
				VALIDATE_PRODUCT = YES;
			};
			name = Release;
		};
		0181E7EF1D8C905B008E21C5 /* Debug */ = {
			isa = XCBuildConfiguration;
			buildSettings = {
				ASSETCATALOG_COMPILER_APPICON_NAME = AppIcon;
				CODE_SIGN_IDENTITY = "iPhone Developer";
				"CODE_SIGN_IDENTITY[sdk=iphoneos*]" = "iPhone Developer";
				CURRENT_PROJECT_VERSION = 47;
				DEBUG_INFORMATION_FORMAT = "dwarf-with-dsym";
				DEVELOPMENT_TEAM = 7BK8NL3DYL;
				FRAMEWORK_SEARCH_PATHS = (
					"$(inherited)",
					"$(PROJECT_DIR)/Frameworks",
					"$(PROJECT_DIR)/Frameworks/Carthage/Build/iOS",
				);
				GCC_PREFIX_HEADER = ArcanosRadio/Bootstrap/PrefixHeader.pch;
				INFOPLIST_FILE = ArcanosRadio/Bootstrap/Info.plist;
				LD_RUNPATH_SEARCH_PATHS = "$(inherited) @executable_path/Frameworks";
				PRODUCT_BUNDLE_IDENTIFIER = de.developercity.ArcanosRadio;
				PRODUCT_NAME = "Arcanos Radio";
				PROVISIONING_PROFILE = "ef858900-7f9e-49e5-877b-f86315c7521e";
				PROVISIONING_PROFILE_SPECIFIER = ArcanosDev;
				TARGETED_DEVICE_FAMILY = 1;
				VERSIONING_SYSTEM = "apple-generic";
			};
			name = Debug;
		};
		0181E7F01D8C905B008E21C5 /* Release */ = {
			isa = XCBuildConfiguration;
			buildSettings = {
				ASSETCATALOG_COMPILER_APPICON_NAME = AppIcon;
				CODE_SIGN_IDENTITY = "iPhone Developer";
				"CODE_SIGN_IDENTITY[sdk=iphoneos*]" = "iPhone Distribution";
				CURRENT_PROJECT_VERSION = 47;
				DEVELOPMENT_TEAM = 7BK8NL3DYL;
				FRAMEWORK_SEARCH_PATHS = (
					"$(inherited)",
					"$(PROJECT_DIR)/Frameworks",
					"$(PROJECT_DIR)/Frameworks/Carthage/Build/iOS",
				);
				GCC_PREFIX_HEADER = ArcanosRadio/Bootstrap/PrefixHeader.pch;
				INFOPLIST_FILE = ArcanosRadio/Bootstrap/Info.plist;
				LD_RUNPATH_SEARCH_PATHS = "$(inherited) @executable_path/Frameworks";
				PRODUCT_BUNDLE_IDENTIFIER = de.developercity.ArcanosRadio;
				PRODUCT_NAME = "Arcanos Radio";
				PROVISIONING_PROFILE = "3be5d668-f09b-4088-8b46-71148aa50864";
				PROVISIONING_PROFILE_SPECIFIER = ArcanosStore;
				TARGETED_DEVICE_FAMILY = 1;
				VERSIONING_SYSTEM = "apple-generic";
			};
			name = Release;
		};
		D531D4B41F21478100A78658 /* Debug */ = {
			isa = XCBuildConfiguration;
			buildSettings = {
				BUNDLE_LOADER = "$(TEST_HOST)";
				CLANG_ANALYZER_NUMBER_OBJECT_CONVERSION = YES_AGGRESSIVE;
				CLANG_ENABLE_MODULES = YES;
				DEVELOPMENT_TEAM = 7BK8NL3DYL;
				FRAMEWORK_SEARCH_PATHS = (
					"$(inherited)",
					"$(PROJECT_DIR)/Frameworks/Carthage/Build/iOS",
				);
				INFOPLIST_FILE = ArcanosRadioScreenshot/Info.plist;
				IPHONEOS_DEPLOYMENT_TARGET = 10.3;
				LD_RUNPATH_SEARCH_PATHS = "$(inherited) @executable_path/Frameworks @loader_path/Frameworks";
				OTHER_LDFLAGS = (
					"-framework",
					IOKit,
					"-ObjC",
				);
				PRODUCT_BUNDLE_IDENTIFIER = de.developercity.ArcanosRadioScreenshot;
				PRODUCT_NAME = "$(TARGET_NAME)";
				SWIFT_OBJC_BRIDGING_HEADER = "ArcanosRadioScreenshot/ArcanosRadioScreenshot-Bridging-Header.h";
				SWIFT_OPTIMIZATION_LEVEL = "-Onone";
				SWIFT_VERSION = 3.0;
				TEST_HOST = "$(BUILT_PRODUCTS_DIR)/Arcanos Radio.app/Arcanos Radio";
			};
			name = Debug;
		};
		D531D4B51F21478100A78658 /* Release */ = {
			isa = XCBuildConfiguration;
			buildSettings = {
				BUNDLE_LOADER = "$(TEST_HOST)";
				CLANG_ANALYZER_NUMBER_OBJECT_CONVERSION = YES_AGGRESSIVE;
				CLANG_ENABLE_MODULES = YES;
				DEVELOPMENT_TEAM = 7BK8NL3DYL;
				FRAMEWORK_SEARCH_PATHS = (
					"$(inherited)",
					"$(PROJECT_DIR)/Frameworks/Carthage/Build/iOS",
				);
				INFOPLIST_FILE = ArcanosRadioScreenshot/Info.plist;
				IPHONEOS_DEPLOYMENT_TARGET = 10.3;
				LD_RUNPATH_SEARCH_PATHS = "$(inherited) @executable_path/Frameworks @loader_path/Frameworks";
				OTHER_LDFLAGS = (
					"-framework",
					IOKit,
					"-ObjC",
				);
				PRODUCT_BUNDLE_IDENTIFIER = de.developercity.ArcanosRadioScreenshot;
				PRODUCT_NAME = "$(TARGET_NAME)";
				SWIFT_OBJC_BRIDGING_HEADER = "ArcanosRadioScreenshot/ArcanosRadioScreenshot-Bridging-Header.h";
				SWIFT_VERSION = 3.0;
				TEST_HOST = "$(BUILT_PRODUCTS_DIR)/Arcanos Radio.app/Arcanos Radio";
			};
			name = Release;
		};
		D567249D1F0EB61500B7CF80 /* Debug */ = {
			isa = XCBuildConfiguration;
			buildSettings = {
				APPLICATION_EXTENSION_API_ONLY = NO;
				CLANG_ANALYZER_NUMBER_OBJECT_CONVERSION = YES_AGGRESSIVE;
				CLANG_CXX_LANGUAGE_STANDARD = "gnu++14";
				CLANG_WARN_BLOCK_CAPTURE_AUTORELEASING = YES;
				CLANG_WARN_COMMA = YES;
				CLANG_WARN_RANGE_LOOP_ANALYSIS = YES;
				CLANG_WARN_STRICT_PROTOTYPES = YES;
				CLANG_WARN_UNGUARDED_AVAILABILITY = YES_AGGRESSIVE;
				CODE_SIGN_IDENTITY = "iPhone Developer";
				"CODE_SIGN_IDENTITY[sdk=iphoneos*]" = "iPhone Developer";
				CURRENT_PROJECT_VERSION = 47;
				DEFINES_MODULE = YES;
				DEVELOPMENT_TEAM = "";
				DYLIB_COMPATIBILITY_VERSION = 1;
				DYLIB_CURRENT_VERSION = 47;
				DYLIB_INSTALL_NAME_BASE = "@rpath";
				FRAMEWORK_SEARCH_PATHS = (
					"$(inherited)",
					"$(PROJECT_DIR)/Frameworks/Carthage/Build/iOS",
				);
				GCC_C_LANGUAGE_STANDARD = gnu11;
				INFOPLIST_FILE = ArcanosMetadataAPI/Info.plist;
				INSTALL_PATH = "$(LOCAL_LIBRARY_DIR)/Frameworks";
				IPHONEOS_DEPLOYMENT_TARGET = 9.0;
				LD_RUNPATH_SEARCH_PATHS = "$(inherited) @executable_path/Frameworks @loader_path/Frameworks";
				PRODUCT_BUNDLE_IDENTIFIER = de.developercity.ArcanosMetadataAPI;
				PRODUCT_NAME = "$(TARGET_NAME:c99extidentifier)";
				PROVISIONING_PROFILE_SPECIFIER = "";
				SKIP_INSTALL = YES;
				TARGETED_DEVICE_FAMILY = "1,2";
				VERSIONING_SYSTEM = "apple-generic";
				VERSION_INFO_PREFIX = "";
			};
			name = Debug;
		};
		D567249E1F0EB61500B7CF80 /* Release */ = {
			isa = XCBuildConfiguration;
			buildSettings = {
				APPLICATION_EXTENSION_API_ONLY = NO;
				CLANG_ANALYZER_NUMBER_OBJECT_CONVERSION = YES_AGGRESSIVE;
				CLANG_CXX_LANGUAGE_STANDARD = "gnu++14";
				CLANG_WARN_BLOCK_CAPTURE_AUTORELEASING = YES;
				CLANG_WARN_COMMA = YES;
				CLANG_WARN_RANGE_LOOP_ANALYSIS = YES;
				CLANG_WARN_STRICT_PROTOTYPES = YES;
				CLANG_WARN_UNGUARDED_AVAILABILITY = YES_AGGRESSIVE;
				CODE_SIGN_IDENTITY = "iPhone Developer";
				"CODE_SIGN_IDENTITY[sdk=iphoneos*]" = "iPhone Distribution";
				CURRENT_PROJECT_VERSION = 47;
				DEFINES_MODULE = YES;
				DEVELOPMENT_TEAM = "";
				DYLIB_COMPATIBILITY_VERSION = 1;
				DYLIB_CURRENT_VERSION = 47;
				DYLIB_INSTALL_NAME_BASE = "@rpath";
				FRAMEWORK_SEARCH_PATHS = (
					"$(inherited)",
					"$(PROJECT_DIR)/Frameworks/Carthage/Build/iOS",
				);
				GCC_C_LANGUAGE_STANDARD = gnu11;
				INFOPLIST_FILE = ArcanosMetadataAPI/Info.plist;
				INSTALL_PATH = "$(LOCAL_LIBRARY_DIR)/Frameworks";
				IPHONEOS_DEPLOYMENT_TARGET = 9.0;
				LD_RUNPATH_SEARCH_PATHS = "$(inherited) @executable_path/Frameworks @loader_path/Frameworks";
				PRODUCT_BUNDLE_IDENTIFIER = de.developercity.ArcanosMetadataAPI;
				PRODUCT_NAME = "$(TARGET_NAME:c99extidentifier)";
				PROVISIONING_PROFILE_SPECIFIER = "";
				SKIP_INSTALL = YES;
				TARGETED_DEVICE_FAMILY = "1,2";
				VERSIONING_SYSTEM = "apple-generic";
				VERSION_INFO_PREFIX = "";
			};
			name = Release;
		};
		D5B677071F0EBAD600C62C95 /* Debug */ = {
			isa = XCBuildConfiguration;
			buildSettings = {
				APPLICATION_EXTENSION_API_ONLY = NO;
				CLANG_ANALYZER_NUMBER_OBJECT_CONVERSION = YES_AGGRESSIVE;
				CODE_SIGN_IDENTITY = "iPhone Developer";
				"CODE_SIGN_IDENTITY[sdk=iphoneos*]" = "iPhone Developer";
				CURRENT_PROJECT_VERSION = 47;
				DEFINES_MODULE = YES;
				DEVELOPMENT_TEAM = 7BK8NL3DYL;
				DYLIB_COMPATIBILITY_VERSION = 1;
				DYLIB_CURRENT_VERSION = 47;
				DYLIB_INSTALL_NAME_BASE = "@rpath";
				INFOPLIST_FILE = IOZPromise/Info.plist;
				INSTALL_PATH = "$(LOCAL_LIBRARY_DIR)/Frameworks";
				IPHONEOS_DEPLOYMENT_TARGET = 9.0;
				LD_RUNPATH_SEARCH_PATHS = "$(inherited) @executable_path/Frameworks @loader_path/Frameworks";
				PRODUCT_BUNDLE_IDENTIFIER = de.developercity.IOZPromise;
				PRODUCT_NAME = "$(TARGET_NAME)";
				PROVISIONING_PROFILE_SPECIFIER = "";
				SKIP_INSTALL = YES;
				VERSIONING_SYSTEM = "apple-generic";
				VERSION_INFO_PREFIX = "";
			};
			name = Debug;
		};
		D5B677081F0EBAD600C62C95 /* Release */ = {
			isa = XCBuildConfiguration;
			buildSettings = {
				APPLICATION_EXTENSION_API_ONLY = NO;
				CLANG_ANALYZER_NUMBER_OBJECT_CONVERSION = YES_AGGRESSIVE;
				CODE_SIGN_IDENTITY = "iPhone Developer";
				"CODE_SIGN_IDENTITY[sdk=iphoneos*]" = "iPhone Distribution";
				CURRENT_PROJECT_VERSION = 47;
				DEFINES_MODULE = YES;
				DEVELOPMENT_TEAM = 7BK8NL3DYL;
				DYLIB_COMPATIBILITY_VERSION = 1;
				DYLIB_CURRENT_VERSION = 47;
				DYLIB_INSTALL_NAME_BASE = "@rpath";
				INFOPLIST_FILE = IOZPromise/Info.plist;
				INSTALL_PATH = "$(LOCAL_LIBRARY_DIR)/Frameworks";
				IPHONEOS_DEPLOYMENT_TARGET = 9.0;
				LD_RUNPATH_SEARCH_PATHS = "$(inherited) @executable_path/Frameworks @loader_path/Frameworks";
				PRODUCT_BUNDLE_IDENTIFIER = de.developercity.IOZPromise;
				PRODUCT_NAME = "$(TARGET_NAME)";
				PROVISIONING_PROFILE_SPECIFIER = "";
				SKIP_INSTALL = YES;
				VERSIONING_SYSTEM = "apple-generic";
				VERSION_INFO_PREFIX = "";
			};
			name = Release;
		};
/* End XCBuildConfiguration section */

/* Begin XCConfigurationList section */
		0181E7D21D8C905B008E21C5 /* Build configuration list for PBXProject "ArcanosRadio" */ = {
			isa = XCConfigurationList;
			buildConfigurations = (
				0181E7EC1D8C905B008E21C5 /* Debug */,
				0181E7ED1D8C905B008E21C5 /* Release */,
			);
			defaultConfigurationIsVisible = 0;
			defaultConfigurationName = Release;
		};
		0181E7EE1D8C905B008E21C5 /* Build configuration list for PBXNativeTarget "ArcanosRadio" */ = {
			isa = XCConfigurationList;
			buildConfigurations = (
				0181E7EF1D8C905B008E21C5 /* Debug */,
				0181E7F01D8C905B008E21C5 /* Release */,
			);
			defaultConfigurationIsVisible = 0;
			defaultConfigurationName = Release;
		};
		D531D4B61F21478100A78658 /* Build configuration list for PBXNativeTarget "ArcanosRadioScreenshot" */ = {
			isa = XCConfigurationList;
			buildConfigurations = (
				D531D4B41F21478100A78658 /* Debug */,
				D531D4B51F21478100A78658 /* Release */,
			);
			defaultConfigurationIsVisible = 0;
			defaultConfigurationName = Release;
		};
		D567249F1F0EB61500B7CF80 /* Build configuration list for PBXNativeTarget "ArcanosMetadataAPI" */ = {
			isa = XCConfigurationList;
			buildConfigurations = (
				D567249D1F0EB61500B7CF80 /* Debug */,
				D567249E1F0EB61500B7CF80 /* Release */,
			);
			defaultConfigurationIsVisible = 0;
			defaultConfigurationName = Release;
		};
		D5B677061F0EBAD600C62C95 /* Build configuration list for PBXNativeTarget "IOZPromise" */ = {
			isa = XCConfigurationList;
			buildConfigurations = (
				D5B677071F0EBAD600C62C95 /* Debug */,
				D5B677081F0EBAD600C62C95 /* Release */,
			);
			defaultConfigurationIsVisible = 0;
			defaultConfigurationName = Release;
		};
/* End XCConfigurationList section */
	};
	rootObject = 0181E7CF1D8C905B008E21C5 /* Project object */;
}
